
Microsoft Visual Studio Solution File, Format Version 12.00
# Visual Studio Version 17
VisualStudioVersion = 17.0.31903.59
MinimumVisualStudioVersion = 10.0.40219.1
Project("{2150E333-8FDC-42A3-9474-1A3956D46DE8}") = "Checkins", "Checkins", "{EAF84894-9637-4186-BE1F-048B7475667B}"
EndProject
Project("{2150E333-8FDC-42A3-9474-1A3956D46DE8}") = "src", "src", "{411A2D1E-A860-49EC-8753-4B054B96737F}"
EndProject
Project("{FAE04EC0-301F-11D3-BF4B-00C04F79EFBC}") = "Lab.RateMyBeer.Checkins", "Checkins\src\Lab.RateMyBeer.Checkins\Lab.RateMyBeer.Checkins.csproj", "{0B3FA02A-54C0-402D-814D-492BB9B3BD14}"
EndProject
Project("{FAE04EC0-301F-11D3-BF4B-00C04F79EFBC}") = "Lab.RateMyBeer.Checkins.Api", "Checkins\src\Lab.RateMyBeer.Checkins.Api\Lab.RateMyBeer.Checkins.Api.csproj", "{0DE6DF37-43E3-4E94-8522-5519620CB385}"
EndProject
Project("{FAE04EC0-301F-11D3-BF4B-00C04F79EFBC}") = "Lab.RateMyBeer.Checkins.Contracts", "Checkins\src\Lab.RateMyBeer.Checkins.Contracts\Lab.RateMyBeer.Checkins.Contracts.csproj", "{53D8BDF1-6035-4F47-9AF6-DC4DA5259412}"
EndProject
Project("{FAE04EC0-301F-11D3-BF4B-00C04F79EFBC}") = "Lab.RateMyBeer.Checkins.Data", "Checkins\src\Lab.RateMyBeer.Checkins.Data\Lab.RateMyBeer.Checkins.Data.csproj", "{94A98EB7-C66C-4A80-A0C1-336BBA8AFE02}"
EndProject
Project("{2150E333-8FDC-42A3-9474-1A3956D46DE8}") = "Framework", "Framework", "{C2F04575-00BE-46B8-BEB3-7354A88037EF}"
EndProject
Project("{2150E333-8FDC-42A3-9474-1A3956D46DE8}") = "Frontend", "Frontend", "{FBCE79CB-C336-4BC2-87D2-1E1CDD11125A}"
EndProject
Project("{2150E333-8FDC-42A3-9474-1A3956D46DE8}") = "src", "src", "{C8B50788-0794-45A0-A0DA-B75631234802}"
EndProject
Project("{FAE04EC0-301F-11D3-BF4B-00C04F79EFBC}") = "Lab.RateMyBeer.Frontend.Contracts", "Frontend\src\Lab.RateMyBeer.Frontend.Contracts\Lab.RateMyBeer.Frontend.Contracts.csproj", "{3EE58E59-A6E8-4D11-BF36-FFBC40949B1B}"
EndProject
Project("{2150E333-8FDC-42A3-9474-1A3956D46DE8}") = "src", "src", "{F21B99FF-1E7A-4E55-BAF6-C23771271598}"
EndProject
Project("{FAE04EC0-301F-11D3-BF4B-00C04F79EFBC}") = "Lab.RateMyBeer.Framework", "Framework\src\Lab.RateMyBeer.Framework\Lab.RateMyBeer.Framework.csproj", "{B7FA80E3-B409-4AF7-9966-64B54082FB07}"
EndProject
Project("{2150E333-8FDC-42A3-9474-1A3956D46DE8}") = "Ratings", "Ratings", "{02E0A398-A800-4516-88B5-EF4604D7D683}"
EndProject
Project("{2150E333-8FDC-42A3-9474-1A3956D46DE8}") = "src", "src", "{6E86D7C7-A59B-4301-8BB3-0C74CD2EFC7F}"
EndProject
Project("{FAE04EC0-301F-11D3-BF4B-00C04F79EFBC}") = "Lab.RateMyBeer.Ratings", "Ratings\src\Lab.RateMyBeer.Ratings\Lab.RateMyBeer.Ratings.csproj", "{DBB84704-B7AA-4D81-BCE4-8969F01CBD54}"
EndProject
Project("{FAE04EC0-301F-11D3-BF4B-00C04F79EFBC}") = "Lab.RateMyBeer.Ratings.Api", "Ratings\src\Lab.RateMyBeer.Ratings.Api\Lab.RateMyBeer.Ratings.Api.csproj", "{9C3FC138-93E8-4D65-9BC0-87A688AE37C6}"
EndProject
Project("{FAE04EC0-301F-11D3-BF4B-00C04F79EFBC}") = "Lab.RateMyBeer.Ratings.Contracts", "Ratings\src\Lab.RateMyBeer.Ratings.Contracts\Lab.RateMyBeer.Ratings.Contracts.csproj", "{B8BD985B-2BA5-4279-87EE-44578ABC04F9}"
EndProject
Project("{FAE04EC0-301F-11D3-BF4B-00C04F79EFBC}") = "Lab.RateMyBeer.Ratings.Data", "Ratings\src\Lab.RateMyBeer.Ratings.Data\Lab.RateMyBeer.Ratings.Data.csproj", "{49F67B29-2B6A-4716-B59E-46D001301CC9}"
EndProject
Project("{2150E333-8FDC-42A3-9474-1A3956D46DE8}") = "Comments", "Comments", "{DF758799-D5E6-4A06-8649-9B18BBD465E0}"
EndProject
Project("{2150E333-8FDC-42A3-9474-1A3956D46DE8}") = "src", "src", "{07906E79-C4BD-4AC5-9A32-3E846AE6F1C3}"
EndProject
Project("{FAE04EC0-301F-11D3-BF4B-00C04F79EFBC}") = "Lab.RateMyBeer.Comments", "Comments\src\Lab.RateMyBeer.Comments\Lab.RateMyBeer.Comments.csproj", "{678DFECE-B90A-42E6-885C-1C7F345940CD}"
EndProject
Project("{FAE04EC0-301F-11D3-BF4B-00C04F79EFBC}") = "Lab.RateMyBeer.Comments.Api", "Comments\src\Lab.RateMyBeer.Comments.Api\Lab.RateMyBeer.Comments.Api.csproj", "{63B0C9F5-2DB8-4421-B957-D95240A3CFF0}"
EndProject
Project("{FAE04EC0-301F-11D3-BF4B-00C04F79EFBC}") = "Lab.RateMyBeer.Comments.Contracts", "Comments\src\Lab.RateMyBeer.Comments.Contracts\Lab.RateMyBeer.Comments.Contracts.csproj", "{F17A615E-AD00-4273-96A9-75AA61334889}"
EndProject
Project("{FAE04EC0-301F-11D3-BF4B-00C04F79EFBC}") = "Lab.RateMyBeer.Comments.Data", "Comments\src\Lab.RateMyBeer.Comments.Data\Lab.RateMyBeer.Comments.Data.csproj", "{ACE4892C-650F-4F12-90E1-4D561208DCEE}"
EndProject
Project("{FAE04EC0-301F-11D3-BF4B-00C04F79EFBC}") = "Lab.RateMyBeer.Frontend", "Frontend\src\Lab.RateMyBeer.Frontend\Lab.RateMyBeer.Frontend.csproj", "{C079A8BD-11D2-4CE1-A5E9-303C6EFFBF77}"
EndProject
Project("{FAE04EC0-301F-11D3-BF4B-00C04F79EFBC}") = "Lab.RateMyBeer.Frontend.Api", "Frontend\src\Lab.RateMyBeer.Frontend.Api\Lab.RateMyBeer.Frontend.Api.csproj", "{25F6577F-3799-4C95-980D-E87004C1079D}"
EndProject
Global
	GlobalSection(SolutionConfigurationPlatforms) = preSolution
		Debug|Any CPU = Debug|Any CPU
		Release|Any CPU = Release|Any CPU
	EndGlobalSection
	GlobalSection(SolutionProperties) = preSolution
		HideSolutionNode = FALSE
	EndGlobalSection
	GlobalSection(ProjectConfigurationPlatforms) = postSolution
		{0B3FA02A-54C0-402D-814D-492BB9B3BD14}.Debug|Any CPU.ActiveCfg = Debug|Any CPU
		{0B3FA02A-54C0-402D-814D-492BB9B3BD14}.Debug|Any CPU.Build.0 = Debug|Any CPU
		{0B3FA02A-54C0-402D-814D-492BB9B3BD14}.Release|Any CPU.ActiveCfg = Release|Any CPU
		{0B3FA02A-54C0-402D-814D-492BB9B3BD14}.Release|Any CPU.Build.0 = Release|Any CPU
		{0DE6DF37-43E3-4E94-8522-5519620CB385}.Debug|Any CPU.ActiveCfg = Debug|Any CPU
		{0DE6DF37-43E3-4E94-8522-5519620CB385}.Debug|Any CPU.Build.0 = Debug|Any CPU
		{0DE6DF37-43E3-4E94-8522-5519620CB385}.Release|Any CPU.ActiveCfg = Release|Any CPU
		{0DE6DF37-43E3-4E94-8522-5519620CB385}.Release|Any CPU.Build.0 = Release|Any CPU
		{53D8BDF1-6035-4F47-9AF6-DC4DA5259412}.Debug|Any CPU.ActiveCfg = Debug|Any CPU
		{53D8BDF1-6035-4F47-9AF6-DC4DA5259412}.Debug|Any CPU.Build.0 = Debug|Any CPU
		{53D8BDF1-6035-4F47-9AF6-DC4DA5259412}.Release|Any CPU.ActiveCfg = Release|Any CPU
		{53D8BDF1-6035-4F47-9AF6-DC4DA5259412}.Release|Any CPU.Build.0 = Release|Any CPU
		{94A98EB7-C66C-4A80-A0C1-336BBA8AFE02}.Debug|Any CPU.ActiveCfg = Debug|Any CPU
		{94A98EB7-C66C-4A80-A0C1-336BBA8AFE02}.Debug|Any CPU.Build.0 = Debug|Any CPU
		{94A98EB7-C66C-4A80-A0C1-336BBA8AFE02}.Release|Any CPU.ActiveCfg = Release|Any CPU
		{94A98EB7-C66C-4A80-A0C1-336BBA8AFE02}.Release|Any CPU.Build.0 = Release|Any CPU
		{3EE58E59-A6E8-4D11-BF36-FFBC40949B1B}.Debug|Any CPU.ActiveCfg = Debug|Any CPU
		{3EE58E59-A6E8-4D11-BF36-FFBC40949B1B}.Debug|Any CPU.Build.0 = Debug|Any CPU
		{3EE58E59-A6E8-4D11-BF36-FFBC40949B1B}.Release|Any CPU.ActiveCfg = Release|Any CPU
		{3EE58E59-A6E8-4D11-BF36-FFBC40949B1B}.Release|Any CPU.Build.0 = Release|Any CPU
		{B7FA80E3-B409-4AF7-9966-64B54082FB07}.Debug|Any CPU.ActiveCfg = Debug|Any CPU
		{B7FA80E3-B409-4AF7-9966-64B54082FB07}.Debug|Any CPU.Build.0 = Debug|Any CPU
		{B7FA80E3-B409-4AF7-9966-64B54082FB07}.Release|Any CPU.ActiveCfg = Release|Any CPU
		{B7FA80E3-B409-4AF7-9966-64B54082FB07}.Release|Any CPU.Build.0 = Release|Any CPU
		{DBB84704-B7AA-4D81-BCE4-8969F01CBD54}.Debug|Any CPU.ActiveCfg = Debug|Any CPU
		{DBB84704-B7AA-4D81-BCE4-8969F01CBD54}.Debug|Any CPU.Build.0 = Debug|Any CPU
		{DBB84704-B7AA-4D81-BCE4-8969F01CBD54}.Release|Any CPU.ActiveCfg = Release|Any CPU
		{DBB84704-B7AA-4D81-BCE4-8969F01CBD54}.Release|Any CPU.Build.0 = Release|Any CPU
		{9C3FC138-93E8-4D65-9BC0-87A688AE37C6}.Debug|Any CPU.ActiveCfg = Debug|Any CPU
		{9C3FC138-93E8-4D65-9BC0-87A688AE37C6}.Debug|Any CPU.Build.0 = Debug|Any CPU
		{9C3FC138-93E8-4D65-9BC0-87A688AE37C6}.Release|Any CPU.ActiveCfg = Release|Any CPU
		{9C3FC138-93E8-4D65-9BC0-87A688AE37C6}.Release|Any CPU.Build.0 = Release|Any CPU
		{B8BD985B-2BA5-4279-87EE-44578ABC04F9}.Debug|Any CPU.ActiveCfg = Debug|Any CPU
		{B8BD985B-2BA5-4279-87EE-44578ABC04F9}.Debug|Any CPU.Build.0 = Debug|Any CPU
		{B8BD985B-2BA5-4279-87EE-44578ABC04F9}.Release|Any CPU.ActiveCfg = Release|Any CPU
		{B8BD985B-2BA5-4279-87EE-44578ABC04F9}.Release|Any CPU.Build.0 = Release|Any CPU
		{49F67B29-2B6A-4716-B59E-46D001301CC9}.Debug|Any CPU.ActiveCfg = Debug|Any CPU
		{49F67B29-2B6A-4716-B59E-46D001301CC9}.Debug|Any CPU.Build.0 = Debug|Any CPU
		{49F67B29-2B6A-4716-B59E-46D001301CC9}.Release|Any CPU.ActiveCfg = Release|Any CPU
		{49F67B29-2B6A-4716-B59E-46D001301CC9}.Release|Any CPU.Build.0 = Release|Any CPU
		{678DFECE-B90A-42E6-885C-1C7F345940CD}.Debug|Any CPU.ActiveCfg = Debug|Any CPU
		{678DFECE-B90A-42E6-885C-1C7F345940CD}.Debug|Any CPU.Build.0 = Debug|Any CPU
		{678DFECE-B90A-42E6-885C-1C7F345940CD}.Release|Any CPU.ActiveCfg = Release|Any CPU
		{678DFECE-B90A-42E6-885C-1C7F345940CD}.Release|Any CPU.Build.0 = Release|Any CPU
		{63B0C9F5-2DB8-4421-B957-D95240A3CFF0}.Debug|Any CPU.ActiveCfg = Debug|Any CPU
		{63B0C9F5-2DB8-4421-B957-D95240A3CFF0}.Debug|Any CPU.Build.0 = Debug|Any CPU
		{63B0C9F5-2DB8-4421-B957-D95240A3CFF0}.Release|Any CPU.ActiveCfg = Release|Any CPU
		{63B0C9F5-2DB8-4421-B957-D95240A3CFF0}.Release|Any CPU.Build.0 = Release|Any CPU
		{F17A615E-AD00-4273-96A9-75AA61334889}.Debug|Any CPU.ActiveCfg = Debug|Any CPU
		{F17A615E-AD00-4273-96A9-75AA61334889}.Debug|Any CPU.Build.0 = Debug|Any CPU
		{F17A615E-AD00-4273-96A9-75AA61334889}.Release|Any CPU.ActiveCfg = Release|Any CPU
		{F17A615E-AD00-4273-96A9-75AA61334889}.Release|Any CPU.Build.0 = Release|Any CPU
		{ACE4892C-650F-4F12-90E1-4D561208DCEE}.Debug|Any CPU.ActiveCfg = Debug|Any CPU
		{ACE4892C-650F-4F12-90E1-4D561208DCEE}.Debug|Any CPU.Build.0 = Debug|Any CPU
		{ACE4892C-650F-4F12-90E1-4D561208DCEE}.Release|Any CPU.ActiveCfg = Release|Any CPU
		{ACE4892C-650F-4F12-90E1-4D561208DCEE}.Release|Any CPU.Build.0 = Release|Any CPU
		{C079A8BD-11D2-4CE1-A5E9-303C6EFFBF77}.Debug|Any CPU.ActiveCfg = Debug|Any CPU
		{C079A8BD-11D2-4CE1-A5E9-303C6EFFBF77}.Debug|Any CPU.Build.0 = Debug|Any CPU
		{C079A8BD-11D2-4CE1-A5E9-303C6EFFBF77}.Release|Any CPU.ActiveCfg = Release|Any CPU
		{C079A8BD-11D2-4CE1-A5E9-303C6EFFBF77}.Release|Any CPU.Build.0 = Release|Any CPU
		{25F6577F-3799-4C95-980D-E87004C1079D}.Debug|Any CPU.ActiveCfg = Debug|Any CPU
		{25F6577F-3799-4C95-980D-E87004C1079D}.Debug|Any CPU.Build.0 = Debug|Any CPU
		{25F6577F-3799-4C95-980D-E87004C1079D}.Release|Any CPU.ActiveCfg = Release|Any CPU
		{25F6577F-3799-4C95-980D-E87004C1079D}.Release|Any CPU.Build.0 = Release|Any CPU
	EndGlobalSection
	GlobalSection(NestedProjects) = preSolution
		{411A2D1E-A860-49EC-8753-4B054B96737F} = {EAF84894-9637-4186-BE1F-048B7475667B}
		{0B3FA02A-54C0-402D-814D-492BB9B3BD14} = {411A2D1E-A860-49EC-8753-4B054B96737F}
		{0DE6DF37-43E3-4E94-8522-5519620CB385} = {411A2D1E-A860-49EC-8753-4B054B96737F}
		{53D8BDF1-6035-4F47-9AF6-DC4DA5259412} = {411A2D1E-A860-49EC-8753-4B054B96737F}
		{94A98EB7-C66C-4A80-A0C1-336BBA8AFE02} = {411A2D1E-A860-49EC-8753-4B054B96737F}
		{C8B50788-0794-45A0-A0DA-B75631234802} = {FBCE79CB-C336-4BC2-87D2-1E1CDD11125A}
		{3EE58E59-A6E8-4D11-BF36-FFBC40949B1B} = {C8B50788-0794-45A0-A0DA-B75631234802}
		{F21B99FF-1E7A-4E55-BAF6-C23771271598} = {C2F04575-00BE-46B8-BEB3-7354A88037EF}
		{B7FA80E3-B409-4AF7-9966-64B54082FB07} = {F21B99FF-1E7A-4E55-BAF6-C23771271598}
		{6E86D7C7-A59B-4301-8BB3-0C74CD2EFC7F} = {02E0A398-A800-4516-88B5-EF4604D7D683}
		{DBB84704-B7AA-4D81-BCE4-8969F01CBD54} = {6E86D7C7-A59B-4301-8BB3-0C74CD2EFC7F}
		{9C3FC138-93E8-4D65-9BC0-87A688AE37C6} = {6E86D7C7-A59B-4301-8BB3-0C74CD2EFC7F}
		{B8BD985B-2BA5-4279-87EE-44578ABC04F9} = {6E86D7C7-A59B-4301-8BB3-0C74CD2EFC7F}
		{49F67B29-2B6A-4716-B59E-46D001301CC9} = {6E86D7C7-A59B-4301-8BB3-0C74CD2EFC7F}
		{07906E79-C4BD-4AC5-9A32-3E846AE6F1C3} = {DF758799-D5E6-4A06-8649-9B18BBD465E0}
		{678DFECE-B90A-42E6-885C-1C7F345940CD} = {07906E79-C4BD-4AC5-9A32-3E846AE6F1C3}
		{63B0C9F5-2DB8-4421-B957-D95240A3CFF0} = {07906E79-C4BD-4AC5-9A32-3E846AE6F1C3}
		{F17A615E-AD00-4273-96A9-75AA61334889} = {07906E79-C4BD-4AC5-9A32-3E846AE6F1C3}
		{ACE4892C-650F-4F12-90E1-4D561208DCEE} = {07906E79-C4BD-4AC5-9A32-3E846AE6F1C3}
		{C079A8BD-11D2-4CE1-A5E9-303C6EFFBF77} = {C8B50788-0794-45A0-A0DA-B75631234802}
		{25F6577F-3799-4C95-980D-E87004C1079D} = {C8B50788-0794-45A0-A0DA-B75631234802}
	EndGlobalSection
EndGlobal
