{
  "version": 4,
  "terraform_version": "1.3.7",
  "serial": 54,
  "lineage": "627b4610-d886-fcc0-4e7f-25313c963e0b",
  "outputs": {},
  "resources": [
    {
      "mode": "managed",
      "type": "azurerm_container_app",
      "name": "checkinsapi",
      "provider": "provider[\"registry.terraform.io/hashicorp/azurerm\"]",
      "instances": [
        {
          "schema_version": 0,
          "attributes": {
            "container_app_environment_id": "/subscriptions/7adba660-4373-42b4-864d-b201cd22dae6/resourceGroups/dev-ratemybeer2/providers/Microsoft.App/managedEnvironments/dev-ratemybeer2",
            "custom_domain_verification_id": "DE95CDD126152363D40E3B95A74E2C1BD2A59CB6454621D21E61EDC01F9F2869",
            "dapr": [],
            "id": "/subscriptions/7adba660-4373-42b4-864d-b201cd22dae6/resourceGroups/dev-ratemybeer2/providers/Microsoft.App/containerApps/checkinsapi",
            "identity": [],
            "ingress": [
              {
                "allow_insecure_connections": false,
                "custom_domain": [],
                "external_enabled": false,
                "fqdn": "checkinsapi.internal.jollybay-5da46da3.westeurope.azurecontainerapps.io",
                "target_port": 80,
                "traffic_weight": [
                  {
                    "label": "",
                    "latest_revision": true,
                    "percentage": 100,
                    "revision_suffix": ""
                  }
                ],
                "transport": "auto"
              }
            ],
            "latest_revision_fqdn": "checkinsapi--r6asx37.internal.jollybay-5da46da3.westeurope.azurecontainerapps.io",
            "latest_revision_name": "checkinsapi--r6asx37",
            "location": "westeurope",
            "name": "checkinsapi",
            "outbound_ip_addresses": [
              "20.4.232.42"
            ],
            "registry": [
              {
                "identity": "",
                "password_secret_name": "container-registry-admin-password",
                "server": "thinkexception.azurecr.io",
                "username": "thinkexception"
              }
            ],
            "resource_group_name": "dev-ratemybeer2",
            "revision_mode": "Single",
            "secret": [
              {
                "name": "checkinsdb-connectionstring",
                "value": "Server=tcp:dev-ratemybeer.database.windows.net,1433;Initial Catalog=checkinsdb;Persist Security Info=False;User ID=superadmin;Password=zj2zXcDznDULh9vBEVSpNAyeg7qCQ8UEY;MultipleActiveResultSets=False;Encrypt=True;TrustServerCertificate=False;Connection Timeout=30;"
              },
              {
                "name": "container-registry-admin-password",
                "value": "Nq3Cr2Mfrf4W7wtdV8DEUw+ycV7hUHMs"
              },
              {
                "name": "nservicebus-connectionstring",
                "value": "Endpoint=sb://dev-ratemybeer2.servicebus.windows.net/;SharedAccessKeyName=RootManageSharedAccessKey;SharedAccessKey=4EqgheaFVBD26CoYp+Qt+E48fH/I+Pz2U+ASbA+bCHE="
              }
            ],
            "tags": {},
            "template": [
              {
                "container": [
                  {
                    "args": [],
                    "command": [],
                    "cpu": 0.25,
                    "env": [
                      {
                        "name": "Dependencies__NServiceBus__TransportConnectionString",
                        "secret_name": "nservicebus-connectionstring",
                        "value": ""
                      },
                      {
                        "name": "ConnectionStrings__CheckinsDbConnectionString",
                        "secret_name": "checkinsdb-connectionstring",
                        "value": ""
                      }
                    ],
                    "ephemeral_storage": "1Gi",
                    "image": "thinkexception.azurecr.io/checkinsapi:dev",
                    "liveness_probe": [],
                    "memory": "0.5Gi",
                    "name": "checkinsapi",
                    "readiness_probe": [],
                    "startup_probe": [],
                    "volume_mounts": []
                  }
                ],
                "max_replicas": 10,
                "min_replicas": 0,
                "revision_suffix": "",
                "volume": []
              }
            ],
            "timeouts": null
          },
          "sensitive_attributes": [
            [
              {
                "type": "get_attr",
                "value": "secret"
              }
            ]
          ],
          "private": "eyJlMmJmYjczMC1lY2FhLTExZTYtOGY4OC0zNDM2M2JjN2M0YzAiOnsiY3JlYXRlIjoxODAwMDAwMDAwMDAwLCJkZWxldGUiOjE4MDAwMDAwMDAwMDAsInJlYWQiOjMwMDAwMDAwMDAwMCwidXBkYXRlIjoxODAwMDAwMDAwMDAwfX0=",
          "dependencies": [
            "azurerm_container_app_environment.ratemybeer",
            "azurerm_log_analytics_workspace.ratemybeer",
            "azurerm_resource_group.ratemybeer",
            "azurerm_servicebus_namespace.ratemybeer"
          ]
        }
      ]
    },
    {
      "mode": "managed",
      "type": "azurerm_container_app",
      "name": "frontendapi",
      "provider": "provider[\"registry.terraform.io/hashicorp/azurerm\"]",
      "instances": [
        {
          "schema_version": 0,
          "attributes": {
            "container_app_environment_id": "/subscriptions/7adba660-4373-42b4-864d-b201cd22dae6/resourceGroups/dev-ratemybeer2/providers/Microsoft.App/managedEnvironments/dev-ratemybeer2",
            "custom_domain_verification_id": "DE95CDD126152363D40E3B95A74E2C1BD2A59CB6454621D21E61EDC01F9F2869",
            "dapr": [],
            "id": "/subscriptions/7adba660-4373-42b4-864d-b201cd22dae6/resourceGroups/dev-ratemybeer2/providers/Microsoft.App/containerApps/frontendapi",
            "identity": [],
            "ingress": [
              {
                "allow_insecure_connections": false,
                "custom_domain": [],
                "external_enabled": true,
                "fqdn": "frontendapi.jollybay-5da46da3.westeurope.azurecontainerapps.io",
                "target_port": 80,
                "traffic_weight": [
                  {
                    "label": "",
                    "latest_revision": true,
                    "percentage": 100,
                    "revision_suffix": ""
                  }
                ],
                "transport": "auto"
              }
            ],
            "latest_revision_fqdn": "frontendapi--mkwpyjp.jollybay-5da46da3.westeurope.azurecontainerapps.io",
            "latest_revision_name": "frontendapi--mkwpyjp",
            "location": "westeurope",
            "name": "frontendapi",
            "outbound_ip_addresses": [
              "20.4.232.42"
            ],
            "registry": [
              {
                "identity": "",
                "password_secret_name": "container-registry-admin-password",
                "server": "thinkexception.azurecr.io",
                "username": "thinkexception"
              }
            ],
            "resource_group_name": "dev-ratemybeer2",
            "revision_mode": "Single",
            "secret": [
              {
                "name": "container-registry-admin-password",
                "value": "Nq3Cr2Mfrf4W7wtdV8DEUw+ycV7hUHMs"
              },
              {
                "name": "nservicebus-connectionstring",
                "value": "Endpoint=sb://dev-ratemybeer2.servicebus.windows.net/;SharedAccessKeyName=RootManageSharedAccessKey;SharedAccessKey=4EqgheaFVBD26CoYp+Qt+E48fH/I+Pz2U+ASbA+bCHE="
              }
            ],
            "tags": {},
            "template": [
              {
                "container": [
                  {
                    "args": [],
                    "command": [],
                    "cpu": 0.25,
                    "env": [
                      {
                        "name": "Dependencies__NServiceBus__TransportConnectionString",
                        "secret_name": "nservicebus-connectionstring",
                        "value": ""
                      },
                      {
                        "name": "Dependencies__APIs__CheckinsApiBaseUrl",
                        "secret_name": "",
                        "value": "http://localhost:5000"
                      }
                    ],
                    "ephemeral_storage": "1Gi",
                    "image": "thinkexception.azurecr.io/frontendapi:dev",
                    "liveness_probe": [],
                    "memory": "0.5Gi",
                    "name": "frontendapi",
                    "readiness_probe": [],
                    "startup_probe": [],
                    "volume_mounts": []
                  }
                ],
                "max_replicas": 10,
                "min_replicas": 0,
                "revision_suffix": "",
                "volume": []
              }
            ],
            "timeouts": null
          },
          "sensitive_attributes": [
            [
              {
                "type": "get_attr",
                "value": "secret"
              }
            ]
          ],
          "private": "eyJlMmJmYjczMC1lY2FhLTExZTYtOGY4OC0zNDM2M2JjN2M0YzAiOnsiY3JlYXRlIjoxODAwMDAwMDAwMDAwLCJkZWxldGUiOjE4MDAwMDAwMDAwMDAsInJlYWQiOjMwMDAwMDAwMDAwMCwidXBkYXRlIjoxODAwMDAwMDAwMDAwfX0=",
          "dependencies": [
            "azurerm_container_app_environment.ratemybeer",
            "azurerm_log_analytics_workspace.ratemybeer",
            "azurerm_resource_group.ratemybeer",
            "azurerm_servicebus_namespace.ratemybeer"
          ]
        }
      ]
    },
    {
      "mode": "managed",
      "type": "azurerm_container_app_environment",
      "name": "ratemybeer",
      "provider": "provider[\"registry.terraform.io/hashicorp/azurerm\"]",
      "instances": [
        {
          "schema_version": 0,
          "attributes": {
            "default_domain": "jollybay-5da46da3.westeurope.azurecontainerapps.io",
            "docker_bridge_cidr": "",
            "id": "/subscriptions/7adba660-4373-42b4-864d-b201cd22dae6/resourceGroups/dev-ratemybeer2/providers/Microsoft.App/managedEnvironments/dev-ratemybeer2",
            "infrastructure_subnet_id": "",
            "internal_load_balancer_enabled": false,
            "location": "westeurope",
            "log_analytics_workspace_id": "/subscriptions/7adba660-4373-42b4-864d-b201cd22dae6/resourceGroups/dev-ratemybeer2/providers/Microsoft.OperationalInsights/workspaces/dev-ratemybeer2",
            "name": "dev-ratemybeer2",
            "platform_reserved_cidr": "",
            "platform_reserved_dns_ip_address": "",
            "resource_group_name": "dev-ratemybeer2",
            "static_ip_address": "20.103.57.20",
            "tags": {},
            "timeouts": null
          },
          "sensitive_attributes": [],
          "private": "eyJlMmJmYjczMC1lY2FhLTExZTYtOGY4OC0zNDM2M2JjN2M0YzAiOnsiY3JlYXRlIjoxODAwMDAwMDAwMDAwLCJkZWxldGUiOjE4MDAwMDAwMDAwMDAsInJlYWQiOjMwMDAwMDAwMDAwMCwidXBkYXRlIjoxODAwMDAwMDAwMDAwfX0=",
          "dependencies": [
            "azurerm_log_analytics_workspace.ratemybeer",
            "azurerm_resource_group.ratemybeer"
          ]
        }
      ]
    },
    {
      "mode": "managed",
      "type": "azurerm_log_analytics_workspace",
      "name": "ratemybeer",
      "provider": "provider[\"registry.terraform.io/hashicorp/azurerm\"]",
      "instances": [
        {
          "schema_version": 3,
          "attributes": {
            "allow_resource_only_permissions": true,
            "cmk_for_query_forced": false,
            "daily_quota_gb": -1,
            "id": "/subscriptions/7adba660-4373-42b4-864d-b201cd22dae6/resourceGroups/dev-ratemybeer2/providers/Microsoft.OperationalInsights/workspaces/dev-ratemybeer2",
            "internet_ingestion_enabled": true,
            "internet_query_enabled": true,
            "local_authentication_disabled": false,
            "location": "westeurope",
            "name": "dev-ratemybeer2",
            "primary_shared_key": "vpzzL9xB6iXNl9D2Ulwap27QuEtxqK1XWr8/F0f0GvSoiqF7zu92D0VNKFlY+bfB838a0aCEWsBU+BinAxICdA==",
            "reservation_capacity_in_gb_per_day": null,
            "resource_group_name": "dev-ratemybeer2",
            "retention_in_days": 30,
            "secondary_shared_key": "QwkevVEj+laRPappvCwSWWr1D4ACFc7HELm6vIyvV+xwis1M8bx1Jsg750CX32SdQ0NjzVO3euFkcobaMp06YQ==",
            "sku": "PerGB2018",
            "tags": {},
            "timeouts": null,
            "workspace_id": "1d40bd60-edfb-4c4e-bd07-530c9114df7b"
          },
          "sensitive_attributes": [],
          "private": "eyJlMmJmYjczMC1lY2FhLTExZTYtOGY4OC0zNDM2M2JjN2M0YzAiOnsiY3JlYXRlIjoxODAwMDAwMDAwMDAwLCJkZWxldGUiOjE4MDAwMDAwMDAwMDAsInJlYWQiOjMwMDAwMDAwMDAwMCwidXBkYXRlIjoxODAwMDAwMDAwMDAwfSwic2NoZW1hX3ZlcnNpb24iOiIzIn0=",
          "dependencies": [
            "azurerm_resource_group.ratemybeer"
          ]
        }
      ]
    },
    {
      "mode": "managed",
      "type": "azurerm_mssql_database",
      "name": "checkinsdb",
      "provider": "provider[\"registry.terraform.io/hashicorp/azurerm\"]",
      "instances": [
        {
          "schema_version": 1,
          "attributes": {
            "auto_pause_delay_in_minutes": 0,
            "collation": "SQL_Latin1_General_CP1_CI_AS",
            "create_mode": "Default",
            "creation_source_database_id": null,
            "elastic_pool_id": "",
            "geo_backup_enabled": true,
            "id": "/subscriptions/7adba660-4373-42b4-864d-b201cd22dae6/resourceGroups/dev-ratemybeer2/providers/Microsoft.Sql/servers/dev-ratemybeer2/databases/checkinsdb",
            "import": [],
            "ledger_enabled": false,
            "license_type": "LicenseIncluded",
            "long_term_retention_policy": [
              {
                "monthly_retention": "PT0S",
                "week_of_year": 1,
                "weekly_retention": "PT0S",
                "yearly_retention": "PT0S"
              }
            ],
            "maintenance_configuration_name": "SQL_Default",
            "max_size_gb": 1,
            "min_capacity": 0,
            "name": "checkinsdb",
            "read_replica_count": 0,
            "read_scale": false,
            "recover_database_id": null,
            "restore_dropped_database_id": null,
            "restore_point_in_time": null,
            "sample_name": null,
            "server_id": "/subscriptions/7adba660-4373-42b4-864d-b201cd22dae6/resourceGroups/dev-ratemybeer2/providers/Microsoft.Sql/servers/dev-ratemybeer2",
            "short_term_retention_policy": [
              {
                "backup_interval_in_hours": 24,
                "retention_days": 7
              }
            ],
            "sku_name": "Basic",
            "storage_account_type": "Geo",
            "tags": null,
            "threat_detection_policy": [
              {
                "disabled_alerts": [],
                "email_account_admins": "Disabled",
                "email_addresses": [],
                "retention_days": 0,
                "state": "Disabled",
                "storage_account_access_key": "",
                "storage_endpoint": ""
              }
            ],
            "timeouts": null,
            "transparent_data_encryption_enabled": true,
            "zone_redundant": false
          },
          "sensitive_attributes": [],
          "private": "eyJlMmJmYjczMC1lY2FhLTExZTYtOGY4OC0zNDM2M2JjN2M0YzAiOnsiY3JlYXRlIjozNjAwMDAwMDAwMDAwLCJkZWxldGUiOjM2MDAwMDAwMDAwMDAsInJlYWQiOjMwMDAwMDAwMDAwMCwidXBkYXRlIjozNjAwMDAwMDAwMDAwfSwic2NoZW1hX3ZlcnNpb24iOiIxIn0=",
          "dependencies": [
            "azurerm_mssql_server.ratemybeer",
            "azurerm_resource_group.ratemybeer"
          ]
        }
      ]
    },
    {
      "mode": "managed",
      "type": "azurerm_mssql_database",
      "name": "commentsdb",
      "provider": "provider[\"registry.terraform.io/hashicorp/azurerm\"]",
      "instances": [
        {
          "schema_version": 1,
          "attributes": {
            "auto_pause_delay_in_minutes": 0,
            "collation": "SQL_Latin1_General_CP1_CI_AS",
            "create_mode": "Default",
            "creation_source_database_id": null,
            "elastic_pool_id": "",
            "geo_backup_enabled": true,
            "id": "/subscriptions/7adba660-4373-42b4-864d-b201cd22dae6/resourceGroups/dev-ratemybeer2/providers/Microsoft.Sql/servers/dev-ratemybeer2/databases/commentsdb",
            "import": [],
            "ledger_enabled": false,
            "license_type": "LicenseIncluded",
            "long_term_retention_policy": [
              {
                "monthly_retention": "PT0S",
                "week_of_year": 1,
                "weekly_retention": "PT0S",
                "yearly_retention": "PT0S"
              }
            ],
            "maintenance_configuration_name": "SQL_Default",
            "max_size_gb": 1,
            "min_capacity": 0,
            "name": "commentsdb",
            "read_replica_count": 0,
            "read_scale": false,
            "recover_database_id": null,
            "restore_dropped_database_id": null,
            "restore_point_in_time": null,
            "sample_name": null,
            "server_id": "/subscriptions/7adba660-4373-42b4-864d-b201cd22dae6/resourceGroups/dev-ratemybeer2/providers/Microsoft.Sql/servers/dev-ratemybeer2",
            "short_term_retention_policy": [
              {
                "backup_interval_in_hours": 24,
                "retention_days": 7
              }
            ],
            "sku_name": "Basic",
            "storage_account_type": "Geo",
            "tags": null,
            "threat_detection_policy": [
              {
                "disabled_alerts": [],
                "email_account_admins": "Disabled",
                "email_addresses": [],
                "retention_days": 0,
                "state": "Disabled",
                "storage_account_access_key": "",
                "storage_endpoint": ""
              }
            ],
            "timeouts": null,
            "transparent_data_encryption_enabled": true,
            "zone_redundant": false
          },
          "sensitive_attributes": [],
          "private": "eyJlMmJmYjczMC1lY2FhLTExZTYtOGY4OC0zNDM2M2JjN2M0YzAiOnsiY3JlYXRlIjozNjAwMDAwMDAwMDAwLCJkZWxldGUiOjM2MDAwMDAwMDAwMDAsInJlYWQiOjMwMDAwMDAwMDAwMCwidXBkYXRlIjozNjAwMDAwMDAwMDAwfSwic2NoZW1hX3ZlcnNpb24iOiIxIn0=",
          "dependencies": [
            "azurerm_mssql_server.ratemybeer",
            "azurerm_resource_group.ratemybeer"
          ]
        }
      ]
    },
    {
      "mode": "managed",
      "type": "azurerm_mssql_database",
      "name": "ratingsdb",
      "provider": "provider[\"registry.terraform.io/hashicorp/azurerm\"]",
      "instances": [
        {
          "schema_version": 1,
          "attributes": {
            "auto_pause_delay_in_minutes": 0,
            "collation": "SQL_Latin1_General_CP1_CI_AS",
            "create_mode": "Default",
            "creation_source_database_id": null,
            "elastic_pool_id": "",
            "geo_backup_enabled": true,
            "id": "/subscriptions/7adba660-4373-42b4-864d-b201cd22dae6/resourceGroups/dev-ratemybeer2/providers/Microsoft.Sql/servers/dev-ratemybeer2/databases/ratingsdb",
            "import": [],
            "ledger_enabled": false,
            "license_type": "LicenseIncluded",
            "long_term_retention_policy": [
              {
                "monthly_retention": "PT0S",
                "week_of_year": 1,
                "weekly_retention": "PT0S",
                "yearly_retention": "PT0S"
              }
            ],
            "maintenance_configuration_name": "SQL_Default",
            "max_size_gb": 1,
            "min_capacity": 0,
            "name": "ratingsdb",
            "read_replica_count": 0,
            "read_scale": false,
            "recover_database_id": null,
            "restore_dropped_database_id": null,
            "restore_point_in_time": null,
            "sample_name": null,
            "server_id": "/subscriptions/7adba660-4373-42b4-864d-b201cd22dae6/resourceGroups/dev-ratemybeer2/providers/Microsoft.Sql/servers/dev-ratemybeer2",
            "short_term_retention_policy": [
              {
                "backup_interval_in_hours": 24,
                "retention_days": 7
              }
            ],
            "sku_name": "Basic",
            "storage_account_type": "Geo",
            "tags": null,
            "threat_detection_policy": [
              {
                "disabled_alerts": [],
                "email_account_admins": "Disabled",
                "email_addresses": [],
                "retention_days": 0,
                "state": "Disabled",
                "storage_account_access_key": "",
                "storage_endpoint": ""
              }
            ],
            "timeouts": null,
            "transparent_data_encryption_enabled": true,
            "zone_redundant": false
          },
          "sensitive_attributes": [],
          "private": "eyJlMmJmYjczMC1lY2FhLTExZTYtOGY4OC0zNDM2M2JjN2M0YzAiOnsiY3JlYXRlIjozNjAwMDAwMDAwMDAwLCJkZWxldGUiOjM2MDAwMDAwMDAwMDAsInJlYWQiOjMwMDAwMDAwMDAwMCwidXBkYXRlIjozNjAwMDAwMDAwMDAwfSwic2NoZW1hX3ZlcnNpb24iOiIxIn0=",
          "dependencies": [
            "azurerm_mssql_server.ratemybeer",
            "azurerm_resource_group.ratemybeer"
          ]
        }
      ]
    },
    {
      "mode": "managed",
      "type": "azurerm_mssql_server",
      "name": "ratemybeer",
      "provider": "provider[\"registry.terraform.io/hashicorp/azurerm\"]",
      "instances": [
        {
          "schema_version": 0,
          "attributes": {
            "administrator_login": "superadmin",
            "administrator_login_password": "zj2zXcDznDULh9vBEVSpNAyeg7qCQ8UEY",
            "azuread_administrator": [],
            "connection_policy": "Default",
            "fully_qualified_domain_name": "dev-ratemybeer2.database.windows.net",
            "id": "/subscriptions/7adba660-4373-42b4-864d-b201cd22dae6/resourceGroups/dev-ratemybeer2/providers/Microsoft.Sql/servers/dev-ratemybeer2",
            "identity": [],
            "location": "westeurope",
            "minimum_tls_version": "1.2",
            "name": "dev-ratemybeer2",
            "outbound_network_restriction_enabled": false,
            "primary_user_assigned_identity_id": "",
            "public_network_access_enabled": true,
            "resource_group_name": "dev-ratemybeer2",
            "restorable_dropped_database_ids": [],
            "tags": null,
            "timeouts": null,
            "version": "12.0"
          },
          "sensitive_attributes": [],
          "private": "eyJlMmJmYjczMC1lY2FhLTExZTYtOGY4OC0zNDM2M2JjN2M0YzAiOnsiY3JlYXRlIjozNjAwMDAwMDAwMDAwLCJkZWxldGUiOjM2MDAwMDAwMDAwMDAsInJlYWQiOjMwMDAwMDAwMDAwMCwidXBkYXRlIjozNjAwMDAwMDAwMDAwfX0=",
          "dependencies": [
            "azurerm_resource_group.ratemybeer"
          ]
        }
      ]
    },
    {
      "mode": "managed",
      "type": "azurerm_resource_group",
      "name": "ratemybeer",
      "provider": "provider[\"registry.terraform.io/hashicorp/azurerm\"]",
      "instances": [
        {
          "schema_version": 0,
          "attributes": {
            "id": "/subscriptions/7adba660-4373-42b4-864d-b201cd22dae6/resourceGroups/dev-ratemybeer2",
            "location": "westeurope",
            "name": "dev-ratemybeer2",
            "tags": {},
            "timeouts": null
          },
          "sensitive_attributes": [],
          "private": "eyJlMmJmYjczMC1lY2FhLTExZTYtOGY4OC0zNDM2M2JjN2M0YzAiOnsiY3JlYXRlIjo1NDAwMDAwMDAwMDAwLCJkZWxldGUiOjU0MDAwMDAwMDAwMDAsInJlYWQiOjMwMDAwMDAwMDAwMCwidXBkYXRlIjo1NDAwMDAwMDAwMDAwfX0="
        }
      ]
    },
    {
      "mode": "managed",
      "type": "azurerm_servicebus_namespace",
      "name": "ratemybeer",
      "provider": "provider[\"registry.terraform.io/hashicorp/azurerm\"]",
      "instances": [
        {
          "schema_version": 1,
          "attributes": {
            "capacity": 0,
            "customer_managed_key": [],
            "default_primary_connection_string": "Endpoint=sb://dev-ratemybeer2.servicebus.windows.net/;SharedAccessKeyName=RootManageSharedAccessKey;SharedAccessKey=4EqgheaFVBD26CoYp+Qt+E48fH/I+Pz2U+ASbA+bCHE=",
            "default_primary_key": "4EqgheaFVBD26CoYp+Qt+E48fH/I+Pz2U+ASbA+bCHE=",
            "default_secondary_connection_string": "Endpoint=sb://dev-ratemybeer2.servicebus.windows.net/;SharedAccessKeyName=RootManageSharedAccessKey;SharedAccessKey=Sm2Gd/DO1qKbexxx1OboxxrJM39RpjwwT+ASbOTflvQ=",
            "default_secondary_key": "Sm2Gd/DO1qKbexxx1OboxxrJM39RpjwwT+ASbOTflvQ=",
            "id": "/subscriptions/7adba660-4373-42b4-864d-b201cd22dae6/resourceGroups/dev-ratemybeer2/providers/Microsoft.ServiceBus/namespaces/dev-ratemybeer2",
            "identity": [],
            "local_auth_enabled": true,
            "location": "westeurope",
            "minimum_tls_version": "1.2",
            "name": "dev-ratemybeer2",
            "public_network_access_enabled": true,
            "resource_group_name": "dev-ratemybeer2",
            "sku": "Standard",
            "tags": {},
            "timeouts": null,
            "zone_redundant": false
          },
          "sensitive_attributes": [],
          "private": "eyJlMmJmYjczMC1lY2FhLTExZTYtOGY4OC0zNDM2M2JjN2M0YzAiOnsiY3JlYXRlIjoxODAwMDAwMDAwMDAwLCJkZWxldGUiOjE4MDAwMDAwMDAwMDAsInJlYWQiOjMwMDAwMDAwMDAwMCwidXBkYXRlIjoxODAwMDAwMDAwMDAwfSwic2NoZW1hX3ZlcnNpb24iOiIxIn0=",
          "dependencies": [
            "azurerm_resource_group.ratemybeer"
          ]
        }
      ]
    }
  ],
  "check_results": null
}
