{
  "version": 4,
  "terraform_version": "1.3.7",
  "serial": 106,
  "lineage": "76cb2491-5e26-4ec9-0553-cc91a86b6d6a",
  "outputs": {},
  "resources": [
    {
      "mode": "data",
      "type": "azurerm_container_registry",
      "name": "thinkexception_container_registry",
      "provider": "provider[\"registry.terraform.io/hashicorp/azurerm\"]",
      "instances": [
        {
          "schema_version": 0,
          "attributes": {
            "admin_enabled": false,
            "admin_password": "",
            "admin_username": "",
            "data_endpoint_enabled": false,
            "id": "/subscriptions/09c6ad5e-028b-47ab-9c88-b6d6ce497a89/resourceGroups/infrastructure/providers/Microsoft.ContainerRegistry/registries/thinkexception",
            "location": "westeurope",
            "login_server": "thinkexception.azurecr.io",
            "name": "thinkexception",
            "resource_group_name": "infrastructure",
            "sku": "Basic",
            "tags": {},
            "timeouts": null
          },
          "sensitive_attributes": []
        }
      ]
    },
    {
      "mode": "managed",
      "type": "azurerm_container_app",
      "name": "checkins",
      "provider": "provider[\"registry.terraform.io/hashicorp/azurerm\"]",
      "instances": [
        {
          "schema_version": 0,
          "attributes": {
            "container_app_environment_id": "/subscriptions/09c6ad5e-028b-47ab-9c88-b6d6ce497a89/resourceGroups/dev-ratemybeer/providers/Microsoft.App/managedEnvironments/dev-ratemybeer",
            "custom_domain_verification_id": "CDAE97A3F2A6D31E1E1A75179A7A49D9738C94CDE44A11BE3B0B5E28D53BD409",
            "dapr": [],
            "id": "/subscriptions/09c6ad5e-028b-47ab-9c88-b6d6ce497a89/resourceGroups/dev-ratemybeer/providers/Microsoft.App/containerApps/checkins",
            "identity": [
              {
                "identity_ids": [
                  "/subscriptions/09c6ad5e-028b-47ab-9c88-b6d6ce497a89/resourceGroups/dev-ratemybeer/providers/Microsoft.ManagedIdentity/userAssignedIdentities/dev-ratemybeer"
                ],
                "principal_id": "",
                "tenant_id": "",
                "type": "UserAssigned"
              }
            ],
            "ingress": [],
            "latest_revision_fqdn": "",
            "latest_revision_name": "checkins--d65k6ak",
            "location": "westeurope",
            "name": "checkins",
            "outbound_ip_addresses": [
              "20.238.184.189"
            ],
            "registry": [
              {
                "identity": "/subscriptions/09c6ad5e-028b-47ab-9c88-b6d6ce497a89/resourceGroups/dev-ratemybeer/providers/Microsoft.ManagedIdentity/userAssignedIdentities/dev-ratemybeer",
                "password_secret_name": "",
                "server": "thinkexception.azurecr.io",
                "username": ""
              }
            ],
            "resource_group_name": "dev-ratemybeer",
            "revision_mode": "Single",
            "secret": [
              {
                "name": "checkinsdb-connectionstring",
                "value": "Server=tcp:dev-ratemybeer.database.windows.net,1433;Initial Catalog=checkinsdb;Persist Security Info=False;User ID=superadmin;Password=zj2zXcDznDULh9vBEVSpNAyeg7qCQ8UEY;MultipleActiveResultSets=False;Encrypt=True;TrustServerCertificate=False;Connection Timeout=30;"
              },
              {
                "name": "nservicebus-connectionstring",
                "value": "Endpoint=sb://dev-ratemybeer.servicebus.windows.net/;SharedAccessKeyName=RootManageSharedAccessKey;SharedAccessKey=Js3gx5OFQgrfGetTfg3XMpqZ+amHmkDXI+ASbBAbhEQ="
              }
            ],
            "tags": {},
            "template": [
              {
                "container": [
                  {
                    "args": [],
                    "command": [],
                    "cpu": 0.25,
                    "env": [
                      {
                        "name": "DOTNET_ENVIRONMENT",
                        "secret_name": "",
                        "value": "Development"
                      },
                      {
                        "name": "Dependencies__NServiceBus__TransportConnectionString",
                        "secret_name": "nservicebus-connectionstring",
                        "value": ""
                      },
                      {
                        "name": "ConnectionStrings__CheckinsDbConnectionString",
                        "secret_name": "checkinsdb-connectionstring",
                        "value": ""
                      }
                    ],
                    "ephemeral_storage": "1Gi",
                    "image": "thinkexception.azurecr.io/checkins:dev",
                    "liveness_probe": [],
                    "memory": "0.5Gi",
                    "name": "checkins",
                    "readiness_probe": [],
                    "startup_probe": [],
                    "volume_mounts": []
                  }
                ],
                "max_replicas": 10,
                "min_replicas": 0,
                "revision_suffix": "",
                "volume": []
              }
            ],
            "timeouts": null
          },
          "sensitive_attributes": [
            [
              {
                "type": "get_attr",
                "value": "secret"
              }
            ]
          ],
          "private": "eyJlMmJmYjczMC1lY2FhLTExZTYtOGY4OC0zNDM2M2JjN2M0YzAiOnsiY3JlYXRlIjoxODAwMDAwMDAwMDAwLCJkZWxldGUiOjE4MDAwMDAwMDAwMDAsInJlYWQiOjMwMDAwMDAwMDAwMCwidXBkYXRlIjoxODAwMDAwMDAwMDAwfX0=",
          "dependencies": [
            "azurerm_container_app_environment.ratemybeer",
            "azurerm_resource_group.ratemybeer",
            "azurerm_servicebus_namespace.ratemybeer",
            "azurerm_user_assigned_identity.identity"
          ]
        }
      ]
    },
    {
      "mode": "managed",
      "type": "azurerm_container_app",
      "name": "checkinsapi",
      "provider": "provider[\"registry.terraform.io/hashicorp/azurerm\"]",
      "instances": [
        {
          "schema_version": 0,
          "attributes": {
            "container_app_environment_id": "/subscriptions/09c6ad5e-028b-47ab-9c88-b6d6ce497a89/resourceGroups/dev-ratemybeer/providers/Microsoft.App/managedEnvironments/dev-ratemybeer",
            "custom_domain_verification_id": "CDAE97A3F2A6D31E1E1A75179A7A49D9738C94CDE44A11BE3B0B5E28D53BD409",
            "dapr": [],
            "id": "/subscriptions/09c6ad5e-028b-47ab-9c88-b6d6ce497a89/resourceGroups/dev-ratemybeer/providers/Microsoft.App/containerApps/checkinsapi",
            "identity": [
              {
                "identity_ids": [
                  "/subscriptions/09c6ad5e-028b-47ab-9c88-b6d6ce497a89/resourceGroups/dev-ratemybeer/providers/Microsoft.ManagedIdentity/userAssignedIdentities/dev-ratemybeer"
                ],
                "principal_id": "",
                "tenant_id": "",
                "type": "UserAssigned"
              }
            ],
            "ingress": [
              {
                "allow_insecure_connections": false,
                "custom_domain": [],
                "external_enabled": false,
                "fqdn": "checkinsapi.internal.graydune-10ba65e0.westeurope.azurecontainerapps.io",
                "target_port": 80,
                "traffic_weight": [
                  {
                    "label": "",
                    "latest_revision": true,
                    "percentage": 100,
                    "revision_suffix": ""
                  }
                ],
                "transport": "auto"
              }
            ],
            "latest_revision_fqdn": "checkinsapi--6gfxeju.internal.graydune-10ba65e0.westeurope.azurecontainerapps.io",
            "latest_revision_name": "checkinsapi--6gfxeju",
            "location": "westeurope",
            "name": "checkinsapi",
            "outbound_ip_addresses": [
              "20.238.184.189"
            ],
            "registry": [
              {
                "identity": "/subscriptions/09c6ad5e-028b-47ab-9c88-b6d6ce497a89/resourceGroups/dev-ratemybeer/providers/Microsoft.ManagedIdentity/userAssignedIdentities/dev-ratemybeer",
                "password_secret_name": "",
                "server": "thinkexception.azurecr.io",
                "username": ""
              }
            ],
            "resource_group_name": "dev-ratemybeer",
            "revision_mode": "Single",
            "secret": [
              {
                "name": "checkinsdb-connectionstring",
                "value": "Server=tcp:dev-ratemybeer.database.windows.net,1433;Initial Catalog=checkinsdb;Persist Security Info=False;User ID=superadmin;Password=zj2zXcDznDULh9vBEVSpNAyeg7qCQ8UEY;MultipleActiveResultSets=False;Encrypt=True;TrustServerCertificate=False;Connection Timeout=30;"
              },
              {
                "name": "nservicebus-connectionstring",
                "value": "Endpoint=sb://dev-ratemybeer.servicebus.windows.net/;SharedAccessKeyName=RootManageSharedAccessKey;SharedAccessKey=Js3gx5OFQgrfGetTfg3XMpqZ+amHmkDXI+ASbBAbhEQ="
              }
            ],
            "tags": {},
            "template": [
              {
                "container": [
                  {
                    "args": [],
                    "command": [],
                    "cpu": 0.25,
                    "env": [
                      {
                        "name": "ASPNETCORE_ENVIRONMENT",
                        "secret_name": "",
                        "value": "Development"
                      },
                      {
                        "name": "Dependencies__NServiceBus__TransportConnectionString",
                        "secret_name": "nservicebus-connectionstring",
                        "value": ""
                      },
                      {
                        "name": "ConnectionStrings__CheckinsDbConnectionString",
                        "secret_name": "checkinsdb-connectionstring",
                        "value": ""
                      }
                    ],
                    "ephemeral_storage": "1Gi",
                    "image": "thinkexception.azurecr.io/checkinsapi:dev",
                    "liveness_probe": [],
                    "memory": "0.5Gi",
                    "name": "checkinsapi",
                    "readiness_probe": [],
                    "startup_probe": [],
                    "volume_mounts": []
                  }
                ],
                "max_replicas": 10,
                "min_replicas": 0,
                "revision_suffix": "",
                "volume": []
              }
            ],
            "timeouts": null
          },
          "sensitive_attributes": [
            [
              {
                "type": "get_attr",
                "value": "secret"
              }
            ]
          ],
          "private": "eyJlMmJmYjczMC1lY2FhLTExZTYtOGY4OC0zNDM2M2JjN2M0YzAiOnsiY3JlYXRlIjoxODAwMDAwMDAwMDAwLCJkZWxldGUiOjE4MDAwMDAwMDAwMDAsInJlYWQiOjMwMDAwMDAwMDAwMCwidXBkYXRlIjoxODAwMDAwMDAwMDAwfX0=",
          "dependencies": [
            "azurerm_container_app_environment.ratemybeer",
            "azurerm_resource_group.ratemybeer",
            "azurerm_servicebus_namespace.ratemybeer",
            "azurerm_user_assigned_identity.identity"
          ]
        }
      ]
    },
    {
      "mode": "managed",
      "type": "azurerm_container_app",
      "name": "comments",
      "provider": "provider[\"registry.terraform.io/hashicorp/azurerm\"]",
      "instances": [
        {
          "schema_version": 0,
          "attributes": {
            "container_app_environment_id": "/subscriptions/09c6ad5e-028b-47ab-9c88-b6d6ce497a89/resourceGroups/dev-ratemybeer/providers/Microsoft.App/managedEnvironments/dev-ratemybeer",
            "custom_domain_verification_id": "CDAE97A3F2A6D31E1E1A75179A7A49D9738C94CDE44A11BE3B0B5E28D53BD409",
            "dapr": [],
            "id": "/subscriptions/09c6ad5e-028b-47ab-9c88-b6d6ce497a89/resourceGroups/dev-ratemybeer/providers/Microsoft.App/containerApps/comments",
            "identity": [
              {
                "identity_ids": [
                  "/subscriptions/09c6ad5e-028b-47ab-9c88-b6d6ce497a89/resourceGroups/dev-ratemybeer/providers/Microsoft.ManagedIdentity/userAssignedIdentities/dev-ratemybeer"
                ],
                "principal_id": "",
                "tenant_id": "",
                "type": "UserAssigned"
              }
            ],
            "ingress": [],
            "latest_revision_fqdn": "",
            "latest_revision_name": "comments--6ev3i1y",
            "location": "westeurope",
            "name": "comments",
            "outbound_ip_addresses": [
              "20.238.184.189"
            ],
            "registry": [
              {
                "identity": "/subscriptions/09c6ad5e-028b-47ab-9c88-b6d6ce497a89/resourceGroups/dev-ratemybeer/providers/Microsoft.ManagedIdentity/userAssignedIdentities/dev-ratemybeer",
                "password_secret_name": "",
                "server": "thinkexception.azurecr.io",
                "username": ""
              }
            ],
            "resource_group_name": "dev-ratemybeer",
            "revision_mode": "Single",
            "secret": [
              {
                "name": "commentsdb-connectionstring",
                "value": "Server=tcp:dev-ratemybeer.database.windows.net,1433;Initial Catalog=commentsdb;Persist Security Info=False;User ID=superadmin;Password=zj2zXcDznDULh9vBEVSpNAyeg7qCQ8UEY;MultipleActiveResultSets=False;Encrypt=True;TrustServerCertificate=False;Connection Timeout=30;"
              },
              {
                "name": "nservicebus-connectionstring",
                "value": "Endpoint=sb://dev-ratemybeer.servicebus.windows.net/;SharedAccessKeyName=RootManageSharedAccessKey;SharedAccessKey=Js3gx5OFQgrfGetTfg3XMpqZ+amHmkDXI+ASbBAbhEQ="
              }
            ],
            "tags": {},
            "template": [
              {
                "container": [
                  {
                    "args": [],
                    "command": [],
                    "cpu": 0.25,
                    "env": [
                      {
                        "name": "DOTNET_ENVIRONMENT",
                        "secret_name": "",
                        "value": "Development"
                      },
                      {
                        "name": "Dependencies__NServiceBus__TransportConnectionString",
                        "secret_name": "nservicebus-connectionstring",
                        "value": ""
                      },
                      {
                        "name": "ConnectionStrings__CommentsDbConnectionString",
                        "secret_name": "commentsdb-connectionstring",
                        "value": ""
                      }
                    ],
                    "ephemeral_storage": "1Gi",
                    "image": "thinkexception.azurecr.io/comments:dev",
                    "liveness_probe": [],
                    "memory": "0.5Gi",
                    "name": "comments",
                    "readiness_probe": [],
                    "startup_probe": [],
                    "volume_mounts": []
                  }
                ],
                "max_replicas": 10,
                "min_replicas": 0,
                "revision_suffix": "",
                "volume": []
              }
            ],
            "timeouts": null
          },
          "sensitive_attributes": [
            [
              {
                "type": "get_attr",
                "value": "secret"
              }
            ]
          ],
          "private": "eyJlMmJmYjczMC1lY2FhLTExZTYtOGY4OC0zNDM2M2JjN2M0YzAiOnsiY3JlYXRlIjoxODAwMDAwMDAwMDAwLCJkZWxldGUiOjE4MDAwMDAwMDAwMDAsInJlYWQiOjMwMDAwMDAwMDAwMCwidXBkYXRlIjoxODAwMDAwMDAwMDAwfX0=",
          "dependencies": [
            "azurerm_container_app_environment.ratemybeer",
            "azurerm_resource_group.ratemybeer",
            "azurerm_servicebus_namespace.ratemybeer",
            "azurerm_user_assigned_identity.identity"
          ]
        }
      ]
    },
    {
      "mode": "managed",
      "type": "azurerm_container_app",
      "name": "commentsapi",
      "provider": "provider[\"registry.terraform.io/hashicorp/azurerm\"]",
      "instances": [
        {
          "schema_version": 0,
          "attributes": {
            "container_app_environment_id": "/subscriptions/09c6ad5e-028b-47ab-9c88-b6d6ce497a89/resourceGroups/dev-ratemybeer/providers/Microsoft.App/managedEnvironments/dev-ratemybeer",
            "custom_domain_verification_id": "CDAE97A3F2A6D31E1E1A75179A7A49D9738C94CDE44A11BE3B0B5E28D53BD409",
            "dapr": [],
            "id": "/subscriptions/09c6ad5e-028b-47ab-9c88-b6d6ce497a89/resourceGroups/dev-ratemybeer/providers/Microsoft.App/containerApps/commentsapi",
            "identity": [
              {
                "identity_ids": [
                  "/subscriptions/09c6ad5e-028b-47ab-9c88-b6d6ce497a89/resourceGroups/dev-ratemybeer/providers/Microsoft.ManagedIdentity/userAssignedIdentities/dev-ratemybeer"
                ],
                "principal_id": "",
                "tenant_id": "",
                "type": "UserAssigned"
              }
            ],
            "ingress": [
              {
                "allow_insecure_connections": false,
                "custom_domain": [],
                "external_enabled": false,
                "fqdn": "commentsapi.internal.graydune-10ba65e0.westeurope.azurecontainerapps.io",
                "target_port": 80,
                "traffic_weight": [
                  {
                    "label": "",
                    "latest_revision": true,
                    "percentage": 100,
                    "revision_suffix": ""
                  }
                ],
                "transport": "auto"
              }
            ],
            "latest_revision_fqdn": "commentsapi--w586vzi.internal.graydune-10ba65e0.westeurope.azurecontainerapps.io",
            "latest_revision_name": "commentsapi--w586vzi",
            "location": "westeurope",
            "name": "commentsapi",
            "outbound_ip_addresses": [
              "20.238.184.189"
            ],
            "registry": [
              {
                "identity": "/subscriptions/09c6ad5e-028b-47ab-9c88-b6d6ce497a89/resourceGroups/dev-ratemybeer/providers/Microsoft.ManagedIdentity/userAssignedIdentities/dev-ratemybeer",
                "password_secret_name": "",
                "server": "thinkexception.azurecr.io",
                "username": ""
              }
            ],
            "resource_group_name": "dev-ratemybeer",
            "revision_mode": "Single",
            "secret": [
              {
                "name": "commentsdb-connectionstring",
                "value": "Server=tcp:dev-ratemybeer.database.windows.net,1433;Initial Catalog=commentsdb;Persist Security Info=False;User ID=superadmin;Password=zj2zXcDznDULh9vBEVSpNAyeg7qCQ8UEY;MultipleActiveResultSets=False;Encrypt=True;TrustServerCertificate=False;Connection Timeout=30;"
              },
              {
                "name": "nservicebus-connectionstring",
                "value": "Endpoint=sb://dev-ratemybeer.servicebus.windows.net/;SharedAccessKeyName=RootManageSharedAccessKey;SharedAccessKey=Js3gx5OFQgrfGetTfg3XMpqZ+amHmkDXI+ASbBAbhEQ="
              }
            ],
            "tags": {},
            "template": [
              {
                "container": [
                  {
                    "args": [],
                    "command": [],
                    "cpu": 0.25,
                    "env": [
                      {
                        "name": "ASPNETCORE_ENVIRONMENT",
                        "secret_name": "",
                        "value": "Development"
                      },
                      {
                        "name": "Dependencies__NServiceBus__TransportConnectionString",
                        "secret_name": "nservicebus-connectionstring",
                        "value": ""
                      },
                      {
                        "name": "ConnectionStrings__CommentsDbConnectionString",
                        "secret_name": "commentsdb-connectionstring",
                        "value": ""
                      }
                    ],
                    "ephemeral_storage": "1Gi",
                    "image": "thinkexception.azurecr.io/commentsapi:dev",
                    "liveness_probe": [],
                    "memory": "0.5Gi",
                    "name": "commentsapi",
                    "readiness_probe": [],
                    "startup_probe": [],
                    "volume_mounts": []
                  }
                ],
                "max_replicas": 10,
                "min_replicas": 0,
                "revision_suffix": "",
                "volume": []
              }
            ],
            "timeouts": null
          },
          "sensitive_attributes": [
            [
              {
                "type": "get_attr",
                "value": "secret"
              }
            ]
          ],
          "private": "eyJlMmJmYjczMC1lY2FhLTExZTYtOGY4OC0zNDM2M2JjN2M0YzAiOnsiY3JlYXRlIjoxODAwMDAwMDAwMDAwLCJkZWxldGUiOjE4MDAwMDAwMDAwMDAsInJlYWQiOjMwMDAwMDAwMDAwMCwidXBkYXRlIjoxODAwMDAwMDAwMDAwfX0=",
          "dependencies": [
            "azurerm_container_app_environment.ratemybeer",
            "azurerm_resource_group.ratemybeer",
            "azurerm_servicebus_namespace.ratemybeer",
            "azurerm_user_assigned_identity.identity"
          ]
        }
      ]
    },
    {
      "mode": "managed",
      "type": "azurerm_container_app",
      "name": "frontend",
      "provider": "provider[\"registry.terraform.io/hashicorp/azurerm\"]",
      "instances": [
        {
          "schema_version": 0,
          "attributes": {
            "container_app_environment_id": "/subscriptions/09c6ad5e-028b-47ab-9c88-b6d6ce497a89/resourceGroups/dev-ratemybeer/providers/Microsoft.App/managedEnvironments/dev-ratemybeer",
            "custom_domain_verification_id": "CDAE97A3F2A6D31E1E1A75179A7A49D9738C94CDE44A11BE3B0B5E28D53BD409",
            "dapr": [],
            "id": "/subscriptions/09c6ad5e-028b-47ab-9c88-b6d6ce497a89/resourceGroups/dev-ratemybeer/providers/Microsoft.App/containerApps/frontend",
            "identity": [
              {
                "identity_ids": [
                  "/subscriptions/09c6ad5e-028b-47ab-9c88-b6d6ce497a89/resourceGroups/dev-ratemybeer/providers/Microsoft.ManagedIdentity/userAssignedIdentities/dev-ratemybeer"
                ],
                "principal_id": "",
                "tenant_id": "",
                "type": "UserAssigned"
              }
            ],
            "ingress": [
              {
                "allow_insecure_connections": false,
                "custom_domain": [],
                "external_enabled": true,
                "fqdn": "frontend.graydune-10ba65e0.westeurope.azurecontainerapps.io",
                "target_port": 80,
                "traffic_weight": [
                  {
                    "label": "",
                    "latest_revision": true,
                    "percentage": 100,
                    "revision_suffix": ""
                  }
                ],
                "transport": "auto"
              }
            ],
            "latest_revision_fqdn": "frontend--dccu5fx.graydune-10ba65e0.westeurope.azurecontainerapps.io",
            "latest_revision_name": "frontend--dccu5fx",
            "location": "westeurope",
            "name": "frontend",
            "outbound_ip_addresses": [
              "20.238.184.189"
            ],
            "registry": [
              {
                "identity": "/subscriptions/09c6ad5e-028b-47ab-9c88-b6d6ce497a89/resourceGroups/dev-ratemybeer/providers/Microsoft.ManagedIdentity/userAssignedIdentities/dev-ratemybeer",
                "password_secret_name": "",
                "server": "thinkexception.azurecr.io",
                "username": ""
              }
            ],
            "resource_group_name": "dev-ratemybeer",
            "revision_mode": "Single",
            "secret": [],
            "tags": {},
            "template": [
              {
                "container": [
                  {
                    "args": [],
                    "command": [],
                    "cpu": 0.25,
                    "env": [
                      {
                        "name": "BLAZOR_ENVIRONMENT",
                        "secret_name": "",
                        "value": "Development"
                      },
                      {
                        "name": "Dependencies__APIs__CheckinsApiBaseUrl",
                        "secret_name": "",
                        "value": "https://frontendapi.graydune-10ba65e0.westeurope.azurecontainerapps.io/checkins"
                      }
                    ],
                    "ephemeral_storage": "1Gi",
                    "image": "thinkexception.azurecr.io/frontend:dev",
                    "liveness_probe": [],
                    "memory": "0.5Gi",
                    "name": "frontend",
                    "readiness_probe": [],
                    "startup_probe": [],
                    "volume_mounts": []
                  }
                ],
                "max_replicas": 10,
                "min_replicas": 0,
                "revision_suffix": "",
                "volume": []
              }
            ],
            "timeouts": null
          },
          "sensitive_attributes": [],
          "private": "eyJlMmJmYjczMC1lY2FhLTExZTYtOGY4OC0zNDM2M2JjN2M0YzAiOnsiY3JlYXRlIjoxODAwMDAwMDAwMDAwLCJkZWxldGUiOjE4MDAwMDAwMDAwMDAsInJlYWQiOjMwMDAwMDAwMDAwMCwidXBkYXRlIjoxODAwMDAwMDAwMDAwfX0=",
          "dependencies": [
            "azurerm_container_app.checkinsapi",
            "azurerm_container_app.commentsapi",
            "azurerm_container_app.frontendapi",
            "azurerm_container_app.ratingsapi",
            "azurerm_container_app_environment.ratemybeer",
            "azurerm_resource_group.ratemybeer",
            "azurerm_servicebus_namespace.ratemybeer",
            "azurerm_user_assigned_identity.identity"
          ]
        }
      ]
    },
    {
      "mode": "managed",
      "type": "azurerm_container_app",
      "name": "frontendapi",
      "provider": "provider[\"registry.terraform.io/hashicorp/azurerm\"]",
      "instances": [
        {
          "schema_version": 0,
          "attributes": {
            "container_app_environment_id": "/subscriptions/09c6ad5e-028b-47ab-9c88-b6d6ce497a89/resourceGroups/dev-ratemybeer/providers/Microsoft.App/managedEnvironments/dev-ratemybeer",
            "custom_domain_verification_id": "CDAE97A3F2A6D31E1E1A75179A7A49D9738C94CDE44A11BE3B0B5E28D53BD409",
            "dapr": [],
            "id": "/subscriptions/09c6ad5e-028b-47ab-9c88-b6d6ce497a89/resourceGroups/dev-ratemybeer/providers/Microsoft.App/containerApps/frontendapi",
            "identity": [
              {
                "identity_ids": [
                  "/subscriptions/09c6ad5e-028b-47ab-9c88-b6d6ce497a89/resourceGroups/dev-ratemybeer/providers/Microsoft.ManagedIdentity/userAssignedIdentities/dev-ratemybeer"
                ],
                "principal_id": "",
                "tenant_id": "",
                "type": "UserAssigned"
              }
            ],
            "ingress": [
              {
                "allow_insecure_connections": false,
                "custom_domain": [],
                "external_enabled": true,
                "fqdn": "frontendapi.graydune-10ba65e0.westeurope.azurecontainerapps.io",
                "target_port": 80,
                "traffic_weight": [
                  {
                    "label": "",
                    "latest_revision": true,
                    "percentage": 100,
                    "revision_suffix": ""
                  }
                ],
                "transport": "auto"
              }
            ],
            "latest_revision_fqdn": "frontendapi--99es2mu.graydune-10ba65e0.westeurope.azurecontainerapps.io",
            "latest_revision_name": "frontendapi--99es2mu",
            "location": "westeurope",
            "name": "frontendapi",
            "outbound_ip_addresses": [
              "20.238.184.189"
            ],
            "registry": [
              {
                "identity": "/subscriptions/09c6ad5e-028b-47ab-9c88-b6d6ce497a89/resourceGroups/dev-ratemybeer/providers/Microsoft.ManagedIdentity/userAssignedIdentities/dev-ratemybeer",
                "password_secret_name": "",
                "server": "thinkexception.azurecr.io",
                "username": ""
              }
            ],
            "resource_group_name": "dev-ratemybeer",
            "revision_mode": "Single",
            "secret": [
              {
                "name": "nservicebus-connectionstring",
                "value": "Endpoint=sb://dev-ratemybeer.servicebus.windows.net/;SharedAccessKeyName=RootManageSharedAccessKey;SharedAccessKey=Js3gx5OFQgrfGetTfg3XMpqZ+amHmkDXI+ASbBAbhEQ="
              }
            ],
            "tags": {},
            "template": [
              {
                "container": [
                  {
                    "args": [],
                    "command": [],
                    "cpu": 0.25,
                    "env": [
                      {
                        "name": "ASPNETCORE_ENVIRONMENT",
                        "secret_name": "",
                        "value": "Development"
                      },
                      {
                        "name": "Dependencies__NServiceBus__TransportConnectionString",
                        "secret_name": "nservicebus-connectionstring",
                        "value": ""
                      },
                      {
                        "name": "Dependencies__APIs__CheckinsApiBaseUrl",
                        "secret_name": "",
                        "value": "https://checkinsapi.internal.graydune-10ba65e0.westeurope.azurecontainerapps.io"
                      },
                      {
                        "name": "Dependencies__APIs__RatingsApiBaseUrl",
                        "secret_name": "",
                        "value": "https://ratingsapi.internal.graydune-10ba65e0.westeurope.azurecontainerapps.io"
                      },
                      {
                        "name": "Dependencies__APIs__CommentsApiBaseUrl",
                        "secret_name": "",
                        "value": "https://commentsapi.internal.graydune-10ba65e0.westeurope.azurecontainerapps.io"
                      }
                    ],
                    "ephemeral_storage": "1Gi",
                    "image": "thinkexception.azurecr.io/frontendapi:dev",
                    "liveness_probe": [],
                    "memory": "0.5Gi",
                    "name": "frontendapi",
                    "readiness_probe": [],
                    "startup_probe": [],
                    "volume_mounts": []
                  }
                ],
                "max_replicas": 10,
                "min_replicas": 0,
                "revision_suffix": "",
                "volume": []
              }
            ],
            "timeouts": null
          },
          "sensitive_attributes": [
            [
              {
                "type": "get_attr",
                "value": "secret"
              }
            ]
          ],
          "private": "eyJlMmJmYjczMC1lY2FhLTExZTYtOGY4OC0zNDM2M2JjN2M0YzAiOnsiY3JlYXRlIjoxODAwMDAwMDAwMDAwLCJkZWxldGUiOjE4MDAwMDAwMDAwMDAsInJlYWQiOjMwMDAwMDAwMDAwMCwidXBkYXRlIjoxODAwMDAwMDAwMDAwfX0=",
          "dependencies": [
            "azurerm_container_app.checkinsapi",
            "azurerm_container_app.commentsapi",
            "azurerm_container_app.ratingsapi",
            "azurerm_container_app_environment.ratemybeer",
            "azurerm_resource_group.ratemybeer",
            "azurerm_servicebus_namespace.ratemybeer",
            "azurerm_user_assigned_identity.identity"
          ]
        }
      ]
    },
    {
      "mode": "managed",
      "type": "azurerm_container_app",
      "name": "ratings",
      "provider": "provider[\"registry.terraform.io/hashicorp/azurerm\"]",
      "instances": [
        {
          "schema_version": 0,
          "attributes": {
            "container_app_environment_id": "/subscriptions/09c6ad5e-028b-47ab-9c88-b6d6ce497a89/resourceGroups/dev-ratemybeer/providers/Microsoft.App/managedEnvironments/dev-ratemybeer",
            "custom_domain_verification_id": "CDAE97A3F2A6D31E1E1A75179A7A49D9738C94CDE44A11BE3B0B5E28D53BD409",
            "dapr": [],
            "id": "/subscriptions/09c6ad5e-028b-47ab-9c88-b6d6ce497a89/resourceGroups/dev-ratemybeer/providers/Microsoft.App/containerApps/ratings",
            "identity": [
              {
                "identity_ids": [
                  "/subscriptions/09c6ad5e-028b-47ab-9c88-b6d6ce497a89/resourceGroups/dev-ratemybeer/providers/Microsoft.ManagedIdentity/userAssignedIdentities/dev-ratemybeer"
                ],
                "principal_id": "",
                "tenant_id": "",
                "type": "UserAssigned"
              }
            ],
            "ingress": [],
            "latest_revision_fqdn": "",
            "latest_revision_name": "ratings--ty46ish",
            "location": "westeurope",
            "name": "ratings",
            "outbound_ip_addresses": [
              "20.238.184.189"
            ],
            "registry": [
              {
                "identity": "/subscriptions/09c6ad5e-028b-47ab-9c88-b6d6ce497a89/resourceGroups/dev-ratemybeer/providers/Microsoft.ManagedIdentity/userAssignedIdentities/dev-ratemybeer",
                "password_secret_name": "",
                "server": "thinkexception.azurecr.io",
                "username": ""
              }
            ],
            "resource_group_name": "dev-ratemybeer",
            "revision_mode": "Single",
            "secret": [
              {
                "name": "nservicebus-connectionstring",
                "value": "Endpoint=sb://dev-ratemybeer.servicebus.windows.net/;SharedAccessKeyName=RootManageSharedAccessKey;SharedAccessKey=Js3gx5OFQgrfGetTfg3XMpqZ+amHmkDXI+ASbBAbhEQ="
              },
              {
                "name": "ratingsdb-connectionstring",
                "value": "Server=tcp:dev-ratemybeer.database.windows.net,1433;Initial Catalog=ratingsdb;Persist Security Info=False;User ID=superadmin;Password=zj2zXcDznDULh9vBEVSpNAyeg7qCQ8UEY;MultipleActiveResultSets=False;Encrypt=True;TrustServerCertificate=False;Connection Timeout=30;"
              }
            ],
            "tags": {},
            "template": [
              {
                "container": [
                  {
                    "args": [],
                    "command": [],
                    "cpu": 0.25,
                    "env": [
                      {
                        "name": "DOTNET_ENVIRONMENT",
                        "secret_name": "",
                        "value": "Development"
                      },
                      {
                        "name": "Dependencies__NServiceBus__TransportConnectionString",
                        "secret_name": "nservicebus-connectionstring",
                        "value": ""
                      },
                      {
                        "name": "ConnectionStrings__RatingsDbConnectionString",
                        "secret_name": "ratingsdb-connectionstring",
                        "value": ""
                      }
                    ],
                    "ephemeral_storage": "1Gi",
                    "image": "thinkexception.azurecr.io/ratings:dev",
                    "liveness_probe": [],
                    "memory": "0.5Gi",
                    "name": "ratings",
                    "readiness_probe": [],
                    "startup_probe": [],
                    "volume_mounts": []
                  }
                ],
                "max_replicas": 10,
                "min_replicas": 0,
                "revision_suffix": "",
                "volume": []
              }
            ],
            "timeouts": null
          },
          "sensitive_attributes": [
            [
              {
                "type": "get_attr",
                "value": "secret"
              }
            ]
          ],
          "private": "eyJlMmJmYjczMC1lY2FhLTExZTYtOGY4OC0zNDM2M2JjN2M0YzAiOnsiY3JlYXRlIjoxODAwMDAwMDAwMDAwLCJkZWxldGUiOjE4MDAwMDAwMDAwMDAsInJlYWQiOjMwMDAwMDAwMDAwMCwidXBkYXRlIjoxODAwMDAwMDAwMDAwfX0=",
          "dependencies": [
            "azurerm_container_app_environment.ratemybeer",
            "azurerm_resource_group.ratemybeer",
            "azurerm_servicebus_namespace.ratemybeer",
            "azurerm_user_assigned_identity.identity"
          ]
        }
      ]
    },
    {
      "mode": "managed",
      "type": "azurerm_container_app",
      "name": "ratingsapi",
      "provider": "provider[\"registry.terraform.io/hashicorp/azurerm\"]",
      "instances": [
        {
          "schema_version": 0,
          "attributes": {
            "container_app_environment_id": "/subscriptions/09c6ad5e-028b-47ab-9c88-b6d6ce497a89/resourceGroups/dev-ratemybeer/providers/Microsoft.App/managedEnvironments/dev-ratemybeer",
            "custom_domain_verification_id": "CDAE97A3F2A6D31E1E1A75179A7A49D9738C94CDE44A11BE3B0B5E28D53BD409",
            "dapr": [],
            "id": "/subscriptions/09c6ad5e-028b-47ab-9c88-b6d6ce497a89/resourceGroups/dev-ratemybeer/providers/Microsoft.App/containerApps/ratingsapi",
            "identity": [
              {
                "identity_ids": [
                  "/subscriptions/09c6ad5e-028b-47ab-9c88-b6d6ce497a89/resourceGroups/dev-ratemybeer/providers/Microsoft.ManagedIdentity/userAssignedIdentities/dev-ratemybeer"
                ],
                "principal_id": "",
                "tenant_id": "",
                "type": "UserAssigned"
              }
            ],
            "ingress": [
              {
                "allow_insecure_connections": false,
                "custom_domain": [],
                "external_enabled": false,
                "fqdn": "ratingsapi.internal.graydune-10ba65e0.westeurope.azurecontainerapps.io",
                "target_port": 80,
                "traffic_weight": [
                  {
                    "label": "",
                    "latest_revision": true,
                    "percentage": 100,
                    "revision_suffix": ""
                  }
                ],
                "transport": "auto"
              }
            ],
            "latest_revision_fqdn": "ratingsapi--04hdbuj.internal.graydune-10ba65e0.westeurope.azurecontainerapps.io",
            "latest_revision_name": "ratingsapi--04hdbuj",
            "location": "westeurope",
            "name": "ratingsapi",
            "outbound_ip_addresses": [
              "20.238.184.189"
            ],
            "registry": [
              {
                "identity": "/subscriptions/09c6ad5e-028b-47ab-9c88-b6d6ce497a89/resourceGroups/dev-ratemybeer/providers/Microsoft.ManagedIdentity/userAssignedIdentities/dev-ratemybeer",
                "password_secret_name": "",
                "server": "thinkexception.azurecr.io",
                "username": ""
              }
            ],
            "resource_group_name": "dev-ratemybeer",
            "revision_mode": "Single",
            "secret": [
              {
                "name": "nservicebus-connectionstring",
                "value": "Endpoint=sb://dev-ratemybeer.servicebus.windows.net/;SharedAccessKeyName=RootManageSharedAccessKey;SharedAccessKey=Js3gx5OFQgrfGetTfg3XMpqZ+amHmkDXI+ASbBAbhEQ="
              },
              {
                "name": "ratingsdb-connectionstring",
                "value": "Server=tcp:dev-ratemybeer.database.windows.net,1433;Initial Catalog=ratingsdb;Persist Security Info=False;User ID=superadmin;Password=zj2zXcDznDULh9vBEVSpNAyeg7qCQ8UEY;MultipleActiveResultSets=False;Encrypt=True;TrustServerCertificate=False;Connection Timeout=30;"
              }
            ],
            "tags": {},
            "template": [
              {
                "container": [
                  {
                    "args": [],
                    "command": [],
                    "cpu": 0.25,
                    "env": [
                      {
                        "name": "ASPNETCORE_ENVIRONMENT",
                        "secret_name": "",
                        "value": "Development"
                      },
                      {
                        "name": "Dependencies__NServiceBus__TransportConnectionString",
                        "secret_name": "nservicebus-connectionstring",
                        "value": ""
                      },
                      {
                        "name": "ConnectionStrings__RatingsDbConnectionString",
                        "secret_name": "ratingsdb-connectionstring",
                        "value": ""
                      }
                    ],
                    "ephemeral_storage": "1Gi",
                    "image": "thinkexception.azurecr.io/ratingsapi:dev",
                    "liveness_probe": [],
                    "memory": "0.5Gi",
                    "name": "ratingsapi",
                    "readiness_probe": [],
                    "startup_probe": [],
                    "volume_mounts": []
                  }
                ],
                "max_replicas": 10,
                "min_replicas": 0,
                "revision_suffix": "",
                "volume": []
              }
            ],
            "timeouts": null
          },
          "sensitive_attributes": [
            [
              {
                "type": "get_attr",
                "value": "secret"
              }
            ]
          ],
          "private": "eyJlMmJmYjczMC1lY2FhLTExZTYtOGY4OC0zNDM2M2JjN2M0YzAiOnsiY3JlYXRlIjoxODAwMDAwMDAwMDAwLCJkZWxldGUiOjE4MDAwMDAwMDAwMDAsInJlYWQiOjMwMDAwMDAwMDAwMCwidXBkYXRlIjoxODAwMDAwMDAwMDAwfX0=",
          "dependencies": [
            "azurerm_container_app_environment.ratemybeer",
            "azurerm_resource_group.ratemybeer",
            "azurerm_servicebus_namespace.ratemybeer",
            "azurerm_user_assigned_identity.identity"
          ]
        }
      ]
    },
    {
      "mode": "managed",
      "type": "azurerm_container_app_environment",
      "name": "ratemybeer",
      "provider": "provider[\"registry.terraform.io/hashicorp/azurerm\"]",
      "instances": [
        {
          "schema_version": 0,
          "attributes": {
            "default_domain": "graydune-10ba65e0.westeurope.azurecontainerapps.io",
            "docker_bridge_cidr": "",
            "id": "/subscriptions/09c6ad5e-028b-47ab-9c88-b6d6ce497a89/resourceGroups/dev-ratemybeer/providers/Microsoft.App/managedEnvironments/dev-ratemybeer",
            "infrastructure_subnet_id": "",
            "internal_load_balancer_enabled": false,
            "location": "westeurope",
            "log_analytics_workspace_id": "/subscriptions/09c6ad5e-028b-47ab-9c88-b6d6ce497a89/resourceGroups/dev-ratemybeer/providers/Microsoft.OperationalInsights/workspaces/dev-ratemybeer",
            "name": "dev-ratemybeer",
            "platform_reserved_cidr": "",
            "platform_reserved_dns_ip_address": "",
            "resource_group_name": "dev-ratemybeer",
            "static_ip_address": "20.238.185.11",
            "tags": {},
            "timeouts": null
          },
          "sensitive_attributes": [],
          "private": "eyJlMmJmYjczMC1lY2FhLTExZTYtOGY4OC0zNDM2M2JjN2M0YzAiOnsiY3JlYXRlIjoxODAwMDAwMDAwMDAwLCJkZWxldGUiOjE4MDAwMDAwMDAwMDAsInJlYWQiOjMwMDAwMDAwMDAwMCwidXBkYXRlIjoxODAwMDAwMDAwMDAwfX0=",
          "dependencies": [
            "azurerm_log_analytics_workspace.ratemybeer",
            "azurerm_resource_group.ratemybeer"
          ]
        }
      ]
    },
    {
      "mode": "managed",
      "type": "azurerm_log_analytics_workspace",
      "name": "ratemybeer",
      "provider": "provider[\"registry.terraform.io/hashicorp/azurerm\"]",
      "instances": [
        {
          "schema_version": 3,
          "attributes": {
            "allow_resource_only_permissions": true,
            "cmk_for_query_forced": false,
            "daily_quota_gb": -1,
            "id": "/subscriptions/09c6ad5e-028b-47ab-9c88-b6d6ce497a89/resourceGroups/dev-ratemybeer/providers/Microsoft.OperationalInsights/workspaces/dev-ratemybeer",
            "internet_ingestion_enabled": true,
            "internet_query_enabled": true,
            "local_authentication_disabled": false,
            "location": "westeurope",
            "name": "dev-ratemybeer",
            "primary_shared_key": "CzKP5R6ogbbZ9JMi17u80uccbOi58xGefMBUXRf6zd3Yb3etolynejYdSHCtz/NrdB1FznQiFCDt08034YrDiQ==",
            "reservation_capacity_in_gb_per_day": null,
            "resource_group_name": "dev-ratemybeer",
            "retention_in_days": 30,
            "secondary_shared_key": "1Lo0bbHj9qArdiOPN/SuQgDBjeTRJa0+9oRLN1+OtgJzclt+b7nErIkSlG8mLSTPQhpqSef3iyrO6EA/Bxd5lA==",
            "sku": "PerGB2018",
            "tags": {},
            "timeouts": null,
            "workspace_id": "27ef9d54-1c7e-46af-9db5-1b5b0ea612ed"
          },
          "sensitive_attributes": [],
          "private": "eyJlMmJmYjczMC1lY2FhLTExZTYtOGY4OC0zNDM2M2JjN2M0YzAiOnsiY3JlYXRlIjoxODAwMDAwMDAwMDAwLCJkZWxldGUiOjE4MDAwMDAwMDAwMDAsInJlYWQiOjMwMDAwMDAwMDAwMCwidXBkYXRlIjoxODAwMDAwMDAwMDAwfSwic2NoZW1hX3ZlcnNpb24iOiIzIn0=",
          "dependencies": [
            "azurerm_resource_group.ratemybeer"
          ]
        }
      ]
    },
    {
      "mode": "managed",
      "type": "azurerm_mssql_database",
      "name": "checkinsdb",
      "provider": "provider[\"registry.terraform.io/hashicorp/azurerm\"]",
      "instances": [
        {
          "schema_version": 1,
          "attributes": {
            "auto_pause_delay_in_minutes": 0,
            "collation": "SQL_Latin1_General_CP1_CI_AS",
            "create_mode": "Default",
            "creation_source_database_id": null,
            "elastic_pool_id": "",
            "geo_backup_enabled": true,
            "id": "/subscriptions/09c6ad5e-028b-47ab-9c88-b6d6ce497a89/resourceGroups/dev-ratemybeer/providers/Microsoft.Sql/servers/dev-ratemybeer/databases/checkinsdb",
            "import": [],
            "ledger_enabled": false,
            "license_type": "LicenseIncluded",
            "long_term_retention_policy": [
              {
                "monthly_retention": "PT0S",
                "week_of_year": 1,
                "weekly_retention": "PT0S",
                "yearly_retention": "PT0S"
              }
            ],
            "maintenance_configuration_name": "SQL_Default",
            "max_size_gb": 1,
            "min_capacity": 0,
            "name": "checkinsdb",
            "read_replica_count": 0,
            "read_scale": false,
            "recover_database_id": null,
            "restore_dropped_database_id": null,
            "restore_point_in_time": null,
            "sample_name": null,
            "server_id": "/subscriptions/09c6ad5e-028b-47ab-9c88-b6d6ce497a89/resourceGroups/dev-ratemybeer/providers/Microsoft.Sql/servers/dev-ratemybeer",
            "short_term_retention_policy": [
              {
                "backup_interval_in_hours": 24,
                "retention_days": 7
              }
            ],
            "sku_name": "Basic",
            "storage_account_type": "Geo",
            "tags": {},
            "threat_detection_policy": [
              {
                "disabled_alerts": [],
                "email_account_admins": "Disabled",
                "email_addresses": [],
                "retention_days": 0,
                "state": "Disabled",
                "storage_account_access_key": "",
                "storage_endpoint": ""
              }
            ],
            "timeouts": null,
            "transparent_data_encryption_enabled": true,
            "zone_redundant": false
          },
          "sensitive_attributes": [],
          "private": "eyJlMmJmYjczMC1lY2FhLTExZTYtOGY4OC0zNDM2M2JjN2M0YzAiOnsiY3JlYXRlIjozNjAwMDAwMDAwMDAwLCJkZWxldGUiOjM2MDAwMDAwMDAwMDAsInJlYWQiOjMwMDAwMDAwMDAwMCwidXBkYXRlIjozNjAwMDAwMDAwMDAwfSwic2NoZW1hX3ZlcnNpb24iOiIxIn0=",
          "dependencies": [
            "azurerm_mssql_server.ratemybeer",
            "azurerm_resource_group.ratemybeer"
          ]
        }
      ]
    },
    {
      "mode": "managed",
      "type": "azurerm_mssql_database",
      "name": "commentsdb",
      "provider": "provider[\"registry.terraform.io/hashicorp/azurerm\"]",
      "instances": [
        {
          "schema_version": 1,
          "attributes": {
            "auto_pause_delay_in_minutes": 0,
            "collation": "SQL_Latin1_General_CP1_CI_AS",
            "create_mode": "Default",
            "creation_source_database_id": null,
            "elastic_pool_id": "",
            "geo_backup_enabled": true,
            "id": "/subscriptions/09c6ad5e-028b-47ab-9c88-b6d6ce497a89/resourceGroups/dev-ratemybeer/providers/Microsoft.Sql/servers/dev-ratemybeer/databases/commentsdb",
            "import": [],
            "ledger_enabled": false,
            "license_type": "LicenseIncluded",
            "long_term_retention_policy": [
              {
                "monthly_retention": "PT0S",
                "week_of_year": 1,
                "weekly_retention": "PT0S",
                "yearly_retention": "PT0S"
              }
            ],
            "maintenance_configuration_name": "SQL_Default",
            "max_size_gb": 1,
            "min_capacity": 0,
            "name": "commentsdb",
            "read_replica_count": 0,
            "read_scale": false,
            "recover_database_id": null,
            "restore_dropped_database_id": null,
            "restore_point_in_time": null,
            "sample_name": null,
            "server_id": "/subscriptions/09c6ad5e-028b-47ab-9c88-b6d6ce497a89/resourceGroups/dev-ratemybeer/providers/Microsoft.Sql/servers/dev-ratemybeer",
            "short_term_retention_policy": [
              {
                "backup_interval_in_hours": 24,
                "retention_days": 7
              }
            ],
            "sku_name": "Basic",
            "storage_account_type": "Geo",
            "tags": {},
            "threat_detection_policy": [
              {
                "disabled_alerts": [],
                "email_account_admins": "Disabled",
                "email_addresses": [],
                "retention_days": 0,
                "state": "Disabled",
                "storage_account_access_key": "",
                "storage_endpoint": ""
              }
            ],
            "timeouts": null,
            "transparent_data_encryption_enabled": true,
            "zone_redundant": false
          },
          "sensitive_attributes": [],
          "private": "eyJlMmJmYjczMC1lY2FhLTExZTYtOGY4OC0zNDM2M2JjN2M0YzAiOnsiY3JlYXRlIjozNjAwMDAwMDAwMDAwLCJkZWxldGUiOjM2MDAwMDAwMDAwMDAsInJlYWQiOjMwMDAwMDAwMDAwMCwidXBkYXRlIjozNjAwMDAwMDAwMDAwfSwic2NoZW1hX3ZlcnNpb24iOiIxIn0=",
          "dependencies": [
            "azurerm_mssql_server.ratemybeer",
            "azurerm_resource_group.ratemybeer"
          ]
        }
      ]
    },
    {
      "mode": "managed",
      "type": "azurerm_mssql_database",
      "name": "ratingsdb",
      "provider": "provider[\"registry.terraform.io/hashicorp/azurerm\"]",
      "instances": [
        {
          "schema_version": 1,
          "attributes": {
            "auto_pause_delay_in_minutes": 0,
            "collation": "SQL_Latin1_General_CP1_CI_AS",
            "create_mode": "Default",
            "creation_source_database_id": null,
            "elastic_pool_id": "",
            "geo_backup_enabled": true,
            "id": "/subscriptions/09c6ad5e-028b-47ab-9c88-b6d6ce497a89/resourceGroups/dev-ratemybeer/providers/Microsoft.Sql/servers/dev-ratemybeer/databases/ratingsdb",
            "import": [],
            "ledger_enabled": false,
            "license_type": "LicenseIncluded",
            "long_term_retention_policy": [
              {
                "monthly_retention": "PT0S",
                "week_of_year": 1,
                "weekly_retention": "PT0S",
                "yearly_retention": "PT0S"
              }
            ],
            "maintenance_configuration_name": "SQL_Default",
            "max_size_gb": 1,
            "min_capacity": 0,
            "name": "ratingsdb",
            "read_replica_count": 0,
            "read_scale": false,
            "recover_database_id": null,
            "restore_dropped_database_id": null,
            "restore_point_in_time": null,
            "sample_name": null,
            "server_id": "/subscriptions/09c6ad5e-028b-47ab-9c88-b6d6ce497a89/resourceGroups/dev-ratemybeer/providers/Microsoft.Sql/servers/dev-ratemybeer",
            "short_term_retention_policy": [
              {
                "backup_interval_in_hours": 24,
                "retention_days": 7
              }
            ],
            "sku_name": "Basic",
            "storage_account_type": "Geo",
            "tags": {},
            "threat_detection_policy": [
              {
                "disabled_alerts": [],
                "email_account_admins": "Disabled",
                "email_addresses": [],
                "retention_days": 0,
                "state": "Disabled",
                "storage_account_access_key": "",
                "storage_endpoint": ""
              }
            ],
            "timeouts": null,
            "transparent_data_encryption_enabled": true,
            "zone_redundant": false
          },
          "sensitive_attributes": [],
          "private": "eyJlMmJmYjczMC1lY2FhLTExZTYtOGY4OC0zNDM2M2JjN2M0YzAiOnsiY3JlYXRlIjozNjAwMDAwMDAwMDAwLCJkZWxldGUiOjM2MDAwMDAwMDAwMDAsInJlYWQiOjMwMDAwMDAwMDAwMCwidXBkYXRlIjozNjAwMDAwMDAwMDAwfSwic2NoZW1hX3ZlcnNpb24iOiIxIn0=",
          "dependencies": [
            "azurerm_mssql_server.ratemybeer",
            "azurerm_resource_group.ratemybeer"
          ]
        }
      ]
    },
    {
      "mode": "managed",
      "type": "azurerm_mssql_server",
      "name": "ratemybeer",
      "provider": "provider[\"registry.terraform.io/hashicorp/azurerm\"]",
      "instances": [
        {
          "schema_version": 0,
          "attributes": {
            "administrator_login": "superadmin",
            "administrator_login_password": "zj2zXcDznDULh9vBEVSpNAyeg7qCQ8UEY",
            "azuread_administrator": [],
            "connection_policy": "Default",
            "fully_qualified_domain_name": "dev-ratemybeer.database.windows.net",
            "id": "/subscriptions/09c6ad5e-028b-47ab-9c88-b6d6ce497a89/resourceGroups/dev-ratemybeer/providers/Microsoft.Sql/servers/dev-ratemybeer",
            "identity": [],
            "location": "westeurope",
            "minimum_tls_version": "1.2",
            "name": "dev-ratemybeer",
            "outbound_network_restriction_enabled": false,
            "primary_user_assigned_identity_id": "",
            "public_network_access_enabled": true,
            "resource_group_name": "dev-ratemybeer",
            "restorable_dropped_database_ids": [],
            "tags": {},
            "timeouts": null,
            "version": "12.0"
          },
          "sensitive_attributes": [],
          "private": "eyJlMmJmYjczMC1lY2FhLTExZTYtOGY4OC0zNDM2M2JjN2M0YzAiOnsiY3JlYXRlIjozNjAwMDAwMDAwMDAwLCJkZWxldGUiOjM2MDAwMDAwMDAwMDAsInJlYWQiOjMwMDAwMDAwMDAwMCwidXBkYXRlIjozNjAwMDAwMDAwMDAwfX0=",
          "dependencies": [
            "azurerm_resource_group.ratemybeer"
          ]
        }
      ]
    },
    {
      "mode": "managed",
      "type": "azurerm_resource_group",
      "name": "ratemybeer",
      "provider": "provider[\"registry.terraform.io/hashicorp/azurerm\"]",
      "instances": [
        {
          "schema_version": 0,
          "attributes": {
            "id": "/subscriptions/09c6ad5e-028b-47ab-9c88-b6d6ce497a89/resourceGroups/dev-ratemybeer",
            "location": "westeurope",
            "name": "dev-ratemybeer",
            "tags": {},
            "timeouts": null
          },
          "sensitive_attributes": [],
          "private": "eyJlMmJmYjczMC1lY2FhLTExZTYtOGY4OC0zNDM2M2JjN2M0YzAiOnsiY3JlYXRlIjo1NDAwMDAwMDAwMDAwLCJkZWxldGUiOjU0MDAwMDAwMDAwMDAsInJlYWQiOjMwMDAwMDAwMDAwMCwidXBkYXRlIjo1NDAwMDAwMDAwMDAwfX0="
        }
      ]
    },
    {
      "mode": "managed",
      "type": "azurerm_role_assignment",
      "name": "acrpull_role",
      "provider": "provider[\"registry.terraform.io/hashicorp/azurerm\"]",
      "instances": [
        {
          "schema_version": 0,
          "attributes": {
            "condition": "",
            "condition_version": "",
            "delegated_managed_identity_resource_id": "",
            "description": "",
            "id": "/subscriptions/09c6ad5e-028b-47ab-9c88-b6d6ce497a89/resourceGroups/infrastructure/providers/Microsoft.ContainerRegistry/registries/thinkexception/providers/Microsoft.Authorization/roleAssignments/616ca092-acbb-6d09-99d6-a8262baf2f25",
            "name": "616ca092-acbb-6d09-99d6-a8262baf2f25",
            "principal_id": "769e3d18-47db-47fa-badd-0dc1109bde4a",
            "principal_type": "ServicePrincipal",
            "role_definition_id": "/subscriptions/09c6ad5e-028b-47ab-9c88-b6d6ce497a89/providers/Microsoft.Authorization/roleDefinitions/7f951dda-4ed3-4680-a7ca-43fe172d538d",
            "role_definition_name": "AcrPull",
            "scope": "/subscriptions/09c6ad5e-028b-47ab-9c88-b6d6ce497a89/resourceGroups/infrastructure/providers/Microsoft.ContainerRegistry/registries/thinkexception",
            "skip_service_principal_aad_check": true,
            "timeouts": null
          },
          "sensitive_attributes": [],
          "private": "eyJlMmJmYjczMC1lY2FhLTExZTYtOGY4OC0zNDM2M2JjN2M0YzAiOnsiY3JlYXRlIjoxODAwMDAwMDAwMDAwLCJkZWxldGUiOjE4MDAwMDAwMDAwMDAsInJlYWQiOjMwMDAwMDAwMDAwMCwidXBkYXRlIjoxODAwMDAwMDAwMDAwfX0=",
          "dependencies": [
            "azurerm_resource_group.ratemybeer",
            "azurerm_user_assigned_identity.identity",
            "data.azurerm_container_registry.thinkexception_container_registry"
          ]
        }
      ]
    },
    {
      "mode": "managed",
      "type": "azurerm_servicebus_namespace",
      "name": "ratemybeer",
      "provider": "provider[\"registry.terraform.io/hashicorp/azurerm\"]",
      "instances": [
        {
          "schema_version": 1,
          "attributes": {
            "capacity": 0,
            "customer_managed_key": [],
            "default_primary_connection_string": "Endpoint=sb://dev-ratemybeer.servicebus.windows.net/;SharedAccessKeyName=RootManageSharedAccessKey;SharedAccessKey=Js3gx5OFQgrfGetTfg3XMpqZ+amHmkDXI+ASbBAbhEQ=",
            "default_primary_key": "Js3gx5OFQgrfGetTfg3XMpqZ+amHmkDXI+ASbBAbhEQ=",
            "default_secondary_connection_string": "Endpoint=sb://dev-ratemybeer.servicebus.windows.net/;SharedAccessKeyName=RootManageSharedAccessKey;SharedAccessKey=KMPfmAiaJrn6CdZuhXtd50u3IeSO4E74G+ASbKCPdfU=",
            "default_secondary_key": "KMPfmAiaJrn6CdZuhXtd50u3IeSO4E74G+ASbKCPdfU=",
            "id": "/subscriptions/09c6ad5e-028b-47ab-9c88-b6d6ce497a89/resourceGroups/dev-ratemybeer/providers/Microsoft.ServiceBus/namespaces/dev-ratemybeer",
            "identity": [],
            "local_auth_enabled": true,
            "location": "westeurope",
            "minimum_tls_version": "1.2",
            "name": "dev-ratemybeer",
            "public_network_access_enabled": true,
            "resource_group_name": "dev-ratemybeer",
            "sku": "Standard",
            "tags": {},
            "timeouts": null,
            "zone_redundant": false
          },
          "sensitive_attributes": [],
          "private": "eyJlMmJmYjczMC1lY2FhLTExZTYtOGY4OC0zNDM2M2JjN2M0YzAiOnsiY3JlYXRlIjoxODAwMDAwMDAwMDAwLCJkZWxldGUiOjE4MDAwMDAwMDAwMDAsInJlYWQiOjMwMDAwMDAwMDAwMCwidXBkYXRlIjoxODAwMDAwMDAwMDAwfSwic2NoZW1hX3ZlcnNpb24iOiIxIn0=",
          "dependencies": [
            "azurerm_resource_group.ratemybeer"
          ]
        }
      ]
    },
    {
      "mode": "managed",
      "type": "azurerm_user_assigned_identity",
      "name": "identity",
      "provider": "provider[\"registry.terraform.io/hashicorp/azurerm\"]",
      "instances": [
        {
          "schema_version": 1,
          "attributes": {
            "client_id": "4df09a6d-5c5e-4e06-a901-ab143946b19b",
            "id": "/subscriptions/09c6ad5e-028b-47ab-9c88-b6d6ce497a89/resourceGroups/dev-ratemybeer/providers/Microsoft.ManagedIdentity/userAssignedIdentities/dev-ratemybeer",
            "location": "westeurope",
            "name": "dev-ratemybeer",
            "principal_id": "769e3d18-47db-47fa-badd-0dc1109bde4a",
            "resource_group_name": "dev-ratemybeer",
            "tags": {},
            "tenant_id": "dd260fc6-d569-432e-b337-a82e5edca406",
            "timeouts": null
          },
          "sensitive_attributes": [],
          "private": "eyJlMmJmYjczMC1lY2FhLTExZTYtOGY4OC0zNDM2M2JjN2M0YzAiOnsiY3JlYXRlIjoxODAwMDAwMDAwMDAwLCJkZWxldGUiOjE4MDAwMDAwMDAwMDAsInJlYWQiOjMwMDAwMDAwMDAwMCwidXBkYXRlIjoxODAwMDAwMDAwMDAwfSwic2NoZW1hX3ZlcnNpb24iOiIxIn0=",
          "dependencies": [
            "azurerm_resource_group.ratemybeer"
          ]
        }
      ]
    }
  ],
  "check_results": null
}
