{
  "version": 4,
  "terraform_version": "1.3.7",
  "serial": 42,
  "lineage": "76cb2491-5e26-4ec9-0553-cc91a86b6d6a",
  "outputs": {},
  "resources": [
    {
      "mode": "managed",
      "type": "azurerm_container_app",
      "name": "checkins",
      "provider": "provider[\"registry.terraform.io/hashicorp/azurerm\"]",
      "instances": [
        {
          "schema_version": 0,
          "attributes": {
            "container_app_environment_id": "/subscriptions/09c6ad5e-028b-47ab-9c88-b6d6ce497a89/resourceGroups/dev-ratemybeer/providers/Microsoft.App/managedEnvironments/dev-ratemybeer",
            "custom_domain_verification_id": "CDAE97A3F2A6D31E1E1A75179A7A49D9738C94CDE44A11BE3B0B5E28D53BD409",
            "dapr": [],
            "id": "/subscriptions/09c6ad5e-028b-47ab-9c88-b6d6ce497a89/resourceGroups/dev-ratemybeer/providers/Microsoft.App/containerApps/checkins",
            "identity": [],
            "ingress": [
              {
                "allow_insecure_connections": false,
                "custom_domain": [],
                "external_enabled": false,
                "fqdn": "checkins.internal.politeisland-cce2ac05.westeurope.azurecontainerapps.io",
                "target_port": 80,
                "traffic_weight": [
                  {
                    "label": "",
                    "latest_revision": true,
                    "percentage": 100,
                    "revision_suffix": ""
                  }
                ],
                "transport": "auto"
              }
            ],
            "latest_revision_fqdn": "checkins--j3pzntj.internal.politeisland-cce2ac05.westeurope.azurecontainerapps.io",
            "latest_revision_name": "checkins--j3pzntj",
            "location": "westeurope",
            "name": "checkins",
            "outbound_ip_addresses": [
              "20.73.27.131"
            ],
            "registry": [
              {
                "identity": "",
                "password_secret_name": "container-registry-admin-password",
                "server": "thinkexception.azurecr.io",
                "username": "thinkexception"
              }
            ],
            "resource_group_name": "dev-ratemybeer",
            "revision_mode": "Single",
            "secret": [
              {
                "name": "checkinsdb-connectionstring",
                "value": "Server=tcp:dev-ratemybeer.database.windows.net,1433;Initial Catalog=checkinsdb;Persist Security Info=False;User ID=superadmin;Password=zj2zXcDznDULh9vBEVSpNAyeg7qCQ8UEY;MultipleActiveResultSets=False;Encrypt=True;TrustServerCertificate=False;Connection Timeout=30;"
              },
              {
                "name": "container-registry-admin-password",
                "value": "Nq3Cr2Mfrf4W7wtdV8DEUw+ycV7hUHMs"
              },
              {
                "name": "nservicebus-connectionstring",
                "value": "Endpoint=sb://dev-ratemybeer.servicebus.windows.net/;SharedAccessKeyName=RootManageSharedAccessKey;SharedAccessKey=EVLAajFewXxoikJ3Vn4tUgt+JerQl86hT+ASbLloTlo="
              }
            ],
            "tags": {},
            "template": [
              {
                "container": [
                  {
                    "args": [],
                    "command": [],
                    "cpu": 0.25,
                    "env": [
                      {
                        "name": "DOTNET_ENVIRONMENT",
                        "secret_name": "",
                        "value": "Development"
                      },
                      {
                        "name": "Dependencies__NServiceBus__TransportConnectionString",
                        "secret_name": "nservicebus-connectionstring",
                        "value": ""
                      },
                      {
                        "name": "ConnectionStrings__CheckinsDbConnectionString",
                        "secret_name": "checkinsdb-connectionstring",
                        "value": ""
                      }
                    ],
                    "ephemeral_storage": "1Gi",
                    "image": "thinkexception.azurecr.io/checkins:dev",
                    "liveness_probe": [],
                    "memory": "0.5Gi",
                    "name": "checkins",
                    "readiness_probe": [],
                    "startup_probe": [],
                    "volume_mounts": []
                  }
                ],
                "max_replicas": 10,
                "min_replicas": 1,
                "revision_suffix": "",
                "volume": []
              }
            ],
            "timeouts": null
          },
          "sensitive_attributes": [
            [
              {
                "type": "get_attr",
                "value": "secret"
              }
            ]
          ],
          "private": "eyJlMmJmYjczMC1lY2FhLTExZTYtOGY4OC0zNDM2M2JjN2M0YzAiOnsiY3JlYXRlIjoxODAwMDAwMDAwMDAwLCJkZWxldGUiOjE4MDAwMDAwMDAwMDAsInJlYWQiOjMwMDAwMDAwMDAwMCwidXBkYXRlIjoxODAwMDAwMDAwMDAwfX0=",
          "dependencies": [
            "azurerm_container_app_environment.ratemybeer",
            "azurerm_resource_group.ratemybeer",
            "azurerm_servicebus_namespace.ratemybeer"
          ]
        }
      ]
    },
    {
      "mode": "managed",
      "type": "azurerm_container_app",
      "name": "checkinsapi",
      "provider": "provider[\"registry.terraform.io/hashicorp/azurerm\"]",
      "instances": [
        {
          "schema_version": 0,
          "attributes": {
            "container_app_environment_id": "/subscriptions/09c6ad5e-028b-47ab-9c88-b6d6ce497a89/resourceGroups/dev-ratemybeer/providers/Microsoft.App/managedEnvironments/dev-ratemybeer",
            "custom_domain_verification_id": "CDAE97A3F2A6D31E1E1A75179A7A49D9738C94CDE44A11BE3B0B5E28D53BD409",
            "dapr": [],
            "id": "/subscriptions/09c6ad5e-028b-47ab-9c88-b6d6ce497a89/resourceGroups/dev-ratemybeer/providers/Microsoft.App/containerApps/checkinsapi",
            "identity": [],
            "ingress": [
              {
                "allow_insecure_connections": false,
                "custom_domain": [],
                "external_enabled": false,
                "fqdn": "checkinsapi.internal.politeisland-cce2ac05.westeurope.azurecontainerapps.io",
                "target_port": 80,
                "traffic_weight": [
                  {
                    "label": "",
                    "latest_revision": true,
                    "percentage": 100,
                    "revision_suffix": ""
                  }
                ],
                "transport": "auto"
              }
            ],
            "latest_revision_fqdn": "checkinsapi--eslfza4.internal.politeisland-cce2ac05.westeurope.azurecontainerapps.io",
            "latest_revision_name": "checkinsapi--eslfza4",
            "location": "westeurope",
            "name": "checkinsapi",
            "outbound_ip_addresses": [
              "20.73.27.131"
            ],
            "registry": [
              {
                "identity": "",
                "password_secret_name": "container-registry-admin-password",
                "server": "thinkexception.azurecr.io",
                "username": "thinkexception"
              }
            ],
            "resource_group_name": "dev-ratemybeer",
            "revision_mode": "Single",
            "secret": [
              {
                "name": "checkinsdb-connectionstring",
                "value": "Server=tcp:dev-ratemybeer.database.windows.net,1433;Initial Catalog=checkinsdb;Persist Security Info=False;User ID=superadmin;Password=zj2zXcDznDULh9vBEVSpNAyeg7qCQ8UEY;MultipleActiveResultSets=False;Encrypt=True;TrustServerCertificate=False;Connection Timeout=30;"
              },
              {
                "name": "container-registry-admin-password",
                "value": "Nq3Cr2Mfrf4W7wtdV8DEUw+ycV7hUHMs"
              },
              {
                "name": "nservicebus-connectionstring",
                "value": "Endpoint=sb://dev-ratemybeer.servicebus.windows.net/;SharedAccessKeyName=RootManageSharedAccessKey;SharedAccessKey=EVLAajFewXxoikJ3Vn4tUgt+JerQl86hT+ASbLloTlo="
              }
            ],
            "tags": {},
            "template": [
              {
                "container": [
                  {
                    "args": [],
                    "command": [],
                    "cpu": 0.25,
                    "env": [
                      {
                        "name": "ASPNETCORE_ENVIRONMENT",
                        "secret_name": "",
                        "value": "Development"
                      },
                      {
                        "name": "Dependencies__NServiceBus__TransportConnectionString",
                        "secret_name": "nservicebus-connectionstring",
                        "value": ""
                      },
                      {
                        "name": "ConnectionStrings__CheckinsDbConnectionString",
                        "secret_name": "checkinsdb-connectionstring",
                        "value": ""
                      }
                    ],
                    "ephemeral_storage": "1Gi",
                    "image": "thinkexception.azurecr.io/checkinsapi:dev",
                    "liveness_probe": [],
                    "memory": "0.5Gi",
                    "name": "checkinsapi",
                    "readiness_probe": [],
                    "startup_probe": [],
                    "volume_mounts": []
                  }
                ],
                "max_replicas": 10,
                "min_replicas": 1,
                "revision_suffix": "",
                "volume": []
              }
            ],
            "timeouts": null
          },
          "sensitive_attributes": [
            [
              {
                "type": "get_attr",
                "value": "secret"
              }
            ]
          ],
          "private": "eyJlMmJmYjczMC1lY2FhLTExZTYtOGY4OC0zNDM2M2JjN2M0YzAiOnsiY3JlYXRlIjoxODAwMDAwMDAwMDAwLCJkZWxldGUiOjE4MDAwMDAwMDAwMDAsInJlYWQiOjMwMDAwMDAwMDAwMCwidXBkYXRlIjoxODAwMDAwMDAwMDAwfX0=",
          "dependencies": [
            "azurerm_container_app_environment.ratemybeer",
            "azurerm_resource_group.ratemybeer",
            "azurerm_servicebus_namespace.ratemybeer"
          ]
        }
      ]
    },
    {
      "mode": "managed",
      "type": "azurerm_container_app",
      "name": "comments",
      "provider": "provider[\"registry.terraform.io/hashicorp/azurerm\"]",
      "instances": [
        {
          "schema_version": 0,
          "attributes": {
            "container_app_environment_id": "/subscriptions/09c6ad5e-028b-47ab-9c88-b6d6ce497a89/resourceGroups/dev-ratemybeer/providers/Microsoft.App/managedEnvironments/dev-ratemybeer",
            "custom_domain_verification_id": "CDAE97A3F2A6D31E1E1A75179A7A49D9738C94CDE44A11BE3B0B5E28D53BD409",
            "dapr": [],
            "id": "/subscriptions/09c6ad5e-028b-47ab-9c88-b6d6ce497a89/resourceGroups/dev-ratemybeer/providers/Microsoft.App/containerApps/comments",
            "identity": [],
            "ingress": [
              {
                "allow_insecure_connections": false,
                "custom_domain": [],
                "external_enabled": false,
                "fqdn": "comments.internal.politeisland-cce2ac05.westeurope.azurecontainerapps.io",
                "target_port": 80,
                "traffic_weight": [
                  {
                    "label": "",
                    "latest_revision": true,
                    "percentage": 100,
                    "revision_suffix": ""
                  }
                ],
                "transport": "auto"
              }
            ],
            "latest_revision_fqdn": "comments--crt1qsu.internal.politeisland-cce2ac05.westeurope.azurecontainerapps.io",
            "latest_revision_name": "comments--crt1qsu",
            "location": "westeurope",
            "name": "comments",
            "outbound_ip_addresses": [
              "20.73.27.131"
            ],
            "registry": [
              {
                "identity": "",
                "password_secret_name": "container-registry-admin-password",
                "server": "thinkexception.azurecr.io",
                "username": "thinkexception"
              }
            ],
            "resource_group_name": "dev-ratemybeer",
            "revision_mode": "Single",
            "secret": [
              {
                "name": "commentsdb-connectionstring",
                "value": "Server=tcp:dev-ratemybeer.database.windows.net,1433;Initial Catalog=commentsdb;Persist Security Info=False;User ID=superadmin;Password=zj2zXcDznDULh9vBEVSpNAyeg7qCQ8UEY;MultipleActiveResultSets=False;Encrypt=True;TrustServerCertificate=False;Connection Timeout=30;"
              },
              {
                "name": "container-registry-admin-password",
                "value": "Nq3Cr2Mfrf4W7wtdV8DEUw+ycV7hUHMs"
              },
              {
                "name": "nservicebus-connectionstring",
                "value": "Endpoint=sb://dev-ratemybeer.servicebus.windows.net/;SharedAccessKeyName=RootManageSharedAccessKey;SharedAccessKey=EVLAajFewXxoikJ3Vn4tUgt+JerQl86hT+ASbLloTlo="
              }
            ],
            "tags": {},
            "template": [
              {
                "container": [
                  {
                    "args": [],
                    "command": [],
                    "cpu": 0.25,
                    "env": [
                      {
                        "name": "DOTNET_ENVIRONMENT",
                        "secret_name": "",
                        "value": "Development"
                      },
                      {
                        "name": "Dependencies__NServiceBus__TransportConnectionString",
                        "secret_name": "nservicebus-connectionstring",
                        "value": ""
                      },
                      {
                        "name": "ConnectionStrings__CommentsDbConnectionString",
                        "secret_name": "commentsdb-connectionstring",
                        "value": ""
                      }
                    ],
                    "ephemeral_storage": "1Gi",
                    "image": "thinkexception.azurecr.io/comments:dev",
                    "liveness_probe": [],
                    "memory": "0.5Gi",
                    "name": "comments",
                    "readiness_probe": [],
                    "startup_probe": [],
                    "volume_mounts": []
                  }
                ],
                "max_replicas": 10,
                "min_replicas": 1,
                "revision_suffix": "",
                "volume": []
              }
            ],
            "timeouts": null
          },
          "sensitive_attributes": [
            [
              {
                "type": "get_attr",
                "value": "secret"
              }
            ]
          ],
          "private": "eyJlMmJmYjczMC1lY2FhLTExZTYtOGY4OC0zNDM2M2JjN2M0YzAiOnsiY3JlYXRlIjoxODAwMDAwMDAwMDAwLCJkZWxldGUiOjE4MDAwMDAwMDAwMDAsInJlYWQiOjMwMDAwMDAwMDAwMCwidXBkYXRlIjoxODAwMDAwMDAwMDAwfX0=",
          "dependencies": [
            "azurerm_container_app_environment.ratemybeer",
            "azurerm_resource_group.ratemybeer",
            "azurerm_servicebus_namespace.ratemybeer"
          ]
        }
      ]
    },
    {
      "mode": "managed",
      "type": "azurerm_container_app",
      "name": "commentsapi",
      "provider": "provider[\"registry.terraform.io/hashicorp/azurerm\"]",
      "instances": [
        {
          "schema_version": 0,
          "attributes": {
            "container_app_environment_id": "/subscriptions/09c6ad5e-028b-47ab-9c88-b6d6ce497a89/resourceGroups/dev-ratemybeer/providers/Microsoft.App/managedEnvironments/dev-ratemybeer",
            "custom_domain_verification_id": "CDAE97A3F2A6D31E1E1A75179A7A49D9738C94CDE44A11BE3B0B5E28D53BD409",
            "dapr": [],
            "id": "/subscriptions/09c6ad5e-028b-47ab-9c88-b6d6ce497a89/resourceGroups/dev-ratemybeer/providers/Microsoft.App/containerApps/commentsapi",
            "identity": [],
            "ingress": [
              {
                "allow_insecure_connections": false,
                "custom_domain": [],
                "external_enabled": false,
                "fqdn": "commentsapi.internal.politeisland-cce2ac05.westeurope.azurecontainerapps.io",
                "target_port": 80,
                "traffic_weight": [
                  {
                    "label": "",
                    "latest_revision": true,
                    "percentage": 100,
                    "revision_suffix": ""
                  }
                ],
                "transport": "auto"
              }
            ],
            "latest_revision_fqdn": "commentsapi--94z7cgg.internal.politeisland-cce2ac05.westeurope.azurecontainerapps.io",
            "latest_revision_name": "commentsapi--94z7cgg",
            "location": "westeurope",
            "name": "commentsapi",
            "outbound_ip_addresses": [
              "20.73.27.131"
            ],
            "registry": [
              {
                "identity": "",
                "password_secret_name": "container-registry-admin-password",
                "server": "thinkexception.azurecr.io",
                "username": "thinkexception"
              }
            ],
            "resource_group_name": "dev-ratemybeer",
            "revision_mode": "Single",
            "secret": [
              {
                "name": "commentsdb-connectionstring",
                "value": "Server=tcp:dev-ratemybeer.database.windows.net,1433;Initial Catalog=commentsdb;Persist Security Info=False;User ID=superadmin;Password=zj2zXcDznDULh9vBEVSpNAyeg7qCQ8UEY;MultipleActiveResultSets=False;Encrypt=True;TrustServerCertificate=False;Connection Timeout=30;"
              },
              {
                "name": "container-registry-admin-password",
                "value": "Nq3Cr2Mfrf4W7wtdV8DEUw+ycV7hUHMs"
              },
              {
                "name": "nservicebus-connectionstring",
                "value": "Endpoint=sb://dev-ratemybeer.servicebus.windows.net/;SharedAccessKeyName=RootManageSharedAccessKey;SharedAccessKey=EVLAajFewXxoikJ3Vn4tUgt+JerQl86hT+ASbLloTlo="
              }
            ],
            "tags": {},
            "template": [
              {
                "container": [
                  {
                    "args": [],
                    "command": [],
                    "cpu": 0.25,
                    "env": [
                      {
                        "name": "ASPNETCORE_ENVIRONMENT",
                        "secret_name": "",
                        "value": "Development"
                      },
                      {
                        "name": "Dependencies__NServiceBus__TransportConnectionString",
                        "secret_name": "nservicebus-connectionstring",
                        "value": ""
                      },
                      {
                        "name": "ConnectionStrings__CommentsDbConnectionString",
                        "secret_name": "commentsdb-connectionstring",
                        "value": ""
                      }
                    ],
                    "ephemeral_storage": "1Gi",
                    "image": "thinkexception.azurecr.io/commentsapi:dev",
                    "liveness_probe": [],
                    "memory": "0.5Gi",
                    "name": "commentsapi",
                    "readiness_probe": [],
                    "startup_probe": [],
                    "volume_mounts": []
                  }
                ],
                "max_replicas": 10,
                "min_replicas": 1,
                "revision_suffix": "",
                "volume": []
              }
            ],
            "timeouts": null
          },
          "sensitive_attributes": [
            [
              {
                "type": "get_attr",
                "value": "secret"
              }
            ]
          ],
          "private": "eyJlMmJmYjczMC1lY2FhLTExZTYtOGY4OC0zNDM2M2JjN2M0YzAiOnsiY3JlYXRlIjoxODAwMDAwMDAwMDAwLCJkZWxldGUiOjE4MDAwMDAwMDAwMDAsInJlYWQiOjMwMDAwMDAwMDAwMCwidXBkYXRlIjoxODAwMDAwMDAwMDAwfX0=",
          "dependencies": [
            "azurerm_container_app_environment.ratemybeer",
            "azurerm_resource_group.ratemybeer",
            "azurerm_servicebus_namespace.ratemybeer"
          ]
        }
      ]
    },
    {
      "mode": "managed",
      "type": "azurerm_container_app",
      "name": "frontend",
      "provider": "provider[\"registry.terraform.io/hashicorp/azurerm\"]",
      "instances": [
        {
          "schema_version": 0,
          "attributes": {
            "container_app_environment_id": "/subscriptions/09c6ad5e-028b-47ab-9c88-b6d6ce497a89/resourceGroups/dev-ratemybeer/providers/Microsoft.App/managedEnvironments/dev-ratemybeer",
            "custom_domain_verification_id": "CDAE97A3F2A6D31E1E1A75179A7A49D9738C94CDE44A11BE3B0B5E28D53BD409",
            "dapr": [],
            "id": "/subscriptions/09c6ad5e-028b-47ab-9c88-b6d6ce497a89/resourceGroups/dev-ratemybeer/providers/Microsoft.App/containerApps/frontend",
            "identity": [],
            "ingress": [
              {
                "allow_insecure_connections": false,
                "custom_domain": [],
                "external_enabled": true,
                "fqdn": "frontend.politeisland-cce2ac05.westeurope.azurecontainerapps.io",
                "target_port": 80,
                "traffic_weight": [
                  {
                    "label": "",
                    "latest_revision": true,
                    "percentage": 100,
                    "revision_suffix": ""
                  }
                ],
                "transport": "auto"
              }
            ],
            "latest_revision_fqdn": "frontend--xoxolo.politeisland-cce2ac05.westeurope.azurecontainerapps.io",
            "latest_revision_name": "frontend--xoxolo",
            "location": "westeurope",
            "name": "frontend",
            "outbound_ip_addresses": [
              "20.73.27.131"
            ],
            "registry": [
              {
                "identity": "",
                "password_secret_name": "container-registry-admin-password",
                "server": "thinkexception.azurecr.io",
                "username": "thinkexception"
              }
            ],
            "resource_group_name": "dev-ratemybeer",
            "revision_mode": "Single",
            "secret": [
              {
                "name": "container-registry-admin-password",
                "value": "Nq3Cr2Mfrf4W7wtdV8DEUw+ycV7hUHMs"
              }
            ],
            "tags": {},
            "template": [
              {
                "container": [
                  {
                    "args": [],
                    "command": [],
                    "cpu": 0.25,
                    "env": [
                      {
                        "name": "BLAZOR_ENVIRONMENT",
                        "secret_name": "",
                        "value": "Development"
                      },
                      {
                        "name": "Dependencies__APIs__CheckinsApiBaseUrl",
                        "secret_name": "",
                        "value": "https://frontendapi.politeisland-cce2ac05.westeurope.azurecontainerapps.io/checkins"
                      }
                    ],
                    "ephemeral_storage": "1Gi",
                    "image": "thinkexception.azurecr.io/frontend:dev",
                    "liveness_probe": [],
                    "memory": "0.5Gi",
                    "name": "frontend",
                    "readiness_probe": [],
                    "startup_probe": [],
                    "volume_mounts": []
                  }
                ],
                "max_replicas": 10,
                "min_replicas": 1,
                "revision_suffix": "xoxolo",
                "volume": []
              }
            ],
            "timeouts": null
          },
          "sensitive_attributes": [],
          "private": "eyJlMmJmYjczMC1lY2FhLTExZTYtOGY4OC0zNDM2M2JjN2M0YzAiOnsiY3JlYXRlIjoxODAwMDAwMDAwMDAwLCJkZWxldGUiOjE4MDAwMDAwMDAwMDAsInJlYWQiOjMwMDAwMDAwMDAwMCwidXBkYXRlIjoxODAwMDAwMDAwMDAwfX0=",
          "dependencies": [
            "azurerm_container_app.checkinsapi",
            "azurerm_container_app.commentsapi",
            "azurerm_container_app.frontendapi",
            "azurerm_container_app.ratingsapi",
            "azurerm_container_app_environment.ratemybeer",
            "azurerm_log_analytics_workspace.ratemybeer",
            "azurerm_resource_group.ratemybeer",
            "azurerm_servicebus_namespace.ratemybeer"
          ]
        }
      ]
    },
    {
      "mode": "managed",
      "type": "azurerm_container_app",
      "name": "frontendapi",
      "provider": "provider[\"registry.terraform.io/hashicorp/azurerm\"]",
      "instances": [
        {
          "schema_version": 0,
          "attributes": {
            "container_app_environment_id": "/subscriptions/09c6ad5e-028b-47ab-9c88-b6d6ce497a89/resourceGroups/dev-ratemybeer/providers/Microsoft.App/managedEnvironments/dev-ratemybeer",
            "custom_domain_verification_id": "CDAE97A3F2A6D31E1E1A75179A7A49D9738C94CDE44A11BE3B0B5E28D53BD409",
            "dapr": [],
            "id": "/subscriptions/09c6ad5e-028b-47ab-9c88-b6d6ce497a89/resourceGroups/dev-ratemybeer/providers/Microsoft.App/containerApps/frontendapi",
            "identity": [],
            "ingress": [
              {
                "allow_insecure_connections": false,
                "custom_domain": [],
                "external_enabled": true,
                "fqdn": "frontendapi.politeisland-cce2ac05.westeurope.azurecontainerapps.io",
                "target_port": 80,
                "traffic_weight": [
                  {
                    "label": "",
                    "latest_revision": true,
                    "percentage": 100,
                    "revision_suffix": ""
                  }
                ],
                "transport": "auto"
              }
            ],
            "latest_revision_fqdn": "frontendapi--44wpfn8.politeisland-cce2ac05.westeurope.azurecontainerapps.io",
            "latest_revision_name": "frontendapi--44wpfn8",
            "location": "westeurope",
            "name": "frontendapi",
            "outbound_ip_addresses": [
              "20.73.27.131"
            ],
            "registry": [
              {
                "identity": "",
                "password_secret_name": "container-registry-admin-password",
                "server": "thinkexception.azurecr.io",
                "username": "thinkexception"
              }
            ],
            "resource_group_name": "dev-ratemybeer",
            "revision_mode": "Single",
            "secret": [
              {
                "name": "container-registry-admin-password",
                "value": "Nq3Cr2Mfrf4W7wtdV8DEUw+ycV7hUHMs"
              },
              {
                "name": "nservicebus-connectionstring",
                "value": "Endpoint=sb://dev-ratemybeer.servicebus.windows.net/;SharedAccessKeyName=RootManageSharedAccessKey;SharedAccessKey=EVLAajFewXxoikJ3Vn4tUgt+JerQl86hT+ASbLloTlo="
              }
            ],
            "tags": {},
            "template": [
              {
                "container": [
                  {
                    "args": [],
                    "command": [],
                    "cpu": 0.25,
                    "env": [
                      {
                        "name": "ASPNETCORE_ENVIRONMENT",
                        "secret_name": "",
                        "value": "Development"
                      },
                      {
                        "name": "Dependencies__NServiceBus__TransportConnectionString",
                        "secret_name": "nservicebus-connectionstring",
                        "value": ""
                      },
                      {
                        "name": "Dependencies__APIs__CheckinsApiBaseUrl",
                        "secret_name": "",
                        "value": "https://checkinsapi.internal.politeisland-cce2ac05.westeurope.azurecontainerapps.io"
                      },
                      {
                        "name": "Dependencies__APIs__RatingsApiBaseUrl",
                        "secret_name": "",
                        "value": "https://ratingsapi.internal.politeisland-cce2ac05.westeurope.azurecontainerapps.io"
                      },
                      {
                        "name": "Dependencies__APIs__CommentsApiBaseUrl",
                        "secret_name": "",
                        "value": "https://commentsapi.internal.politeisland-cce2ac05.westeurope.azurecontainerapps.io"
                      }
                    ],
                    "ephemeral_storage": "1Gi",
                    "image": "thinkexception.azurecr.io/frontendapi:dev",
                    "liveness_probe": [],
                    "memory": "0.5Gi",
                    "name": "frontendapi",
                    "readiness_probe": [],
                    "startup_probe": [],
                    "volume_mounts": []
                  }
                ],
                "max_replicas": 10,
                "min_replicas": 1,
                "revision_suffix": "",
                "volume": []
              }
            ],
            "timeouts": null
          },
          "sensitive_attributes": [
            [
              {
                "type": "get_attr",
                "value": "secret"
              }
            ]
          ],
          "private": "eyJlMmJmYjczMC1lY2FhLTExZTYtOGY4OC0zNDM2M2JjN2M0YzAiOnsiY3JlYXRlIjoxODAwMDAwMDAwMDAwLCJkZWxldGUiOjE4MDAwMDAwMDAwMDAsInJlYWQiOjMwMDAwMDAwMDAwMCwidXBkYXRlIjoxODAwMDAwMDAwMDAwfX0=",
          "dependencies": [
            "azurerm_container_app.checkinsapi",
            "azurerm_container_app.commentsapi",
            "azurerm_container_app.ratingsapi",
            "azurerm_container_app_environment.ratemybeer",
            "azurerm_resource_group.ratemybeer",
            "azurerm_servicebus_namespace.ratemybeer"
          ]
        }
      ]
    },
    {
      "mode": "managed",
      "type": "azurerm_container_app",
      "name": "ratings",
      "provider": "provider[\"registry.terraform.io/hashicorp/azurerm\"]",
      "instances": [
        {
          "schema_version": 0,
          "attributes": {
            "container_app_environment_id": "/subscriptions/09c6ad5e-028b-47ab-9c88-b6d6ce497a89/resourceGroups/dev-ratemybeer/providers/Microsoft.App/managedEnvironments/dev-ratemybeer",
            "custom_domain_verification_id": "CDAE97A3F2A6D31E1E1A75179A7A49D9738C94CDE44A11BE3B0B5E28D53BD409",
            "dapr": [],
            "id": "/subscriptions/09c6ad5e-028b-47ab-9c88-b6d6ce497a89/resourceGroups/dev-ratemybeer/providers/Microsoft.App/containerApps/ratings",
            "identity": [],
            "ingress": [
              {
                "allow_insecure_connections": false,
                "custom_domain": [],
                "external_enabled": false,
                "fqdn": "ratings.internal.politeisland-cce2ac05.westeurope.azurecontainerapps.io",
                "target_port": 80,
                "traffic_weight": [
                  {
                    "label": "",
                    "latest_revision": true,
                    "percentage": 100,
                    "revision_suffix": ""
                  }
                ],
                "transport": "auto"
              }
            ],
            "latest_revision_fqdn": "ratings--5s23g03.internal.politeisland-cce2ac05.westeurope.azurecontainerapps.io",
            "latest_revision_name": "ratings--5s23g03",
            "location": "westeurope",
            "name": "ratings",
            "outbound_ip_addresses": [
              "20.73.27.131"
            ],
            "registry": [
              {
                "identity": "",
                "password_secret_name": "container-registry-admin-password",
                "server": "thinkexception.azurecr.io",
                "username": "thinkexception"
              }
            ],
            "resource_group_name": "dev-ratemybeer",
            "revision_mode": "Single",
            "secret": [
              {
                "name": "container-registry-admin-password",
                "value": "Nq3Cr2Mfrf4W7wtdV8DEUw+ycV7hUHMs"
              },
              {
                "name": "nservicebus-connectionstring",
                "value": "Endpoint=sb://dev-ratemybeer.servicebus.windows.net/;SharedAccessKeyName=RootManageSharedAccessKey;SharedAccessKey=EVLAajFewXxoikJ3Vn4tUgt+JerQl86hT+ASbLloTlo="
              },
              {
                "name": "ratingsdb-connectionstring",
                "value": "Server=tcp:dev-ratemybeer.database.windows.net,1433;Initial Catalog=ratingsdb;Persist Security Info=False;User ID=superadmin;Password=zj2zXcDznDULh9vBEVSpNAyeg7qCQ8UEY;MultipleActiveResultSets=False;Encrypt=True;TrustServerCertificate=False;Connection Timeout=30;"
              }
            ],
            "tags": {},
            "template": [
              {
                "container": [
                  {
                    "args": [],
                    "command": [],
                    "cpu": 0.25,
                    "env": [
                      {
                        "name": "DOTNET_ENVIRONMENT",
                        "secret_name": "",
                        "value": "Development"
                      },
                      {
                        "name": "Dependencies__NServiceBus__TransportConnectionString",
                        "secret_name": "nservicebus-connectionstring",
                        "value": ""
                      },
                      {
                        "name": "ConnectionStrings__RatingsDbConnectionString",
                        "secret_name": "ratingsdb-connectionstring",
                        "value": ""
                      }
                    ],
                    "ephemeral_storage": "1Gi",
                    "image": "thinkexception.azurecr.io/ratings:dev",
                    "liveness_probe": [],
                    "memory": "0.5Gi",
                    "name": "ratings",
                    "readiness_probe": [],
                    "startup_probe": [],
                    "volume_mounts": []
                  }
                ],
                "max_replicas": 10,
                "min_replicas": 1,
                "revision_suffix": "",
                "volume": []
              }
            ],
            "timeouts": null
          },
          "sensitive_attributes": [
            [
              {
                "type": "get_attr",
                "value": "secret"
              }
            ]
          ],
          "private": "eyJlMmJmYjczMC1lY2FhLTExZTYtOGY4OC0zNDM2M2JjN2M0YzAiOnsiY3JlYXRlIjoxODAwMDAwMDAwMDAwLCJkZWxldGUiOjE4MDAwMDAwMDAwMDAsInJlYWQiOjMwMDAwMDAwMDAwMCwidXBkYXRlIjoxODAwMDAwMDAwMDAwfX0=",
          "dependencies": [
            "azurerm_container_app_environment.ratemybeer",
            "azurerm_resource_group.ratemybeer",
            "azurerm_servicebus_namespace.ratemybeer"
          ]
        }
      ]
    },
    {
      "mode": "managed",
      "type": "azurerm_container_app",
      "name": "ratingsapi",
      "provider": "provider[\"registry.terraform.io/hashicorp/azurerm\"]",
      "instances": [
        {
          "schema_version": 0,
          "attributes": {
            "container_app_environment_id": "/subscriptions/09c6ad5e-028b-47ab-9c88-b6d6ce497a89/resourceGroups/dev-ratemybeer/providers/Microsoft.App/managedEnvironments/dev-ratemybeer",
            "custom_domain_verification_id": "CDAE97A3F2A6D31E1E1A75179A7A49D9738C94CDE44A11BE3B0B5E28D53BD409",
            "dapr": [],
            "id": "/subscriptions/09c6ad5e-028b-47ab-9c88-b6d6ce497a89/resourceGroups/dev-ratemybeer/providers/Microsoft.App/containerApps/ratingsapi",
            "identity": [],
            "ingress": [
              {
                "allow_insecure_connections": false,
                "custom_domain": [],
                "external_enabled": false,
                "fqdn": "ratingsapi.internal.politeisland-cce2ac05.westeurope.azurecontainerapps.io",
                "target_port": 80,
                "traffic_weight": [
                  {
                    "label": "",
                    "latest_revision": true,
                    "percentage": 100,
                    "revision_suffix": ""
                  }
                ],
                "transport": "auto"
              }
            ],
            "latest_revision_fqdn": "ratingsapi--gyseg5s.internal.politeisland-cce2ac05.westeurope.azurecontainerapps.io",
            "latest_revision_name": "ratingsapi--gyseg5s",
            "location": "westeurope",
            "name": "ratingsapi",
            "outbound_ip_addresses": [
              "20.73.27.131"
            ],
            "registry": [
              {
                "identity": "",
                "password_secret_name": "container-registry-admin-password",
                "server": "thinkexception.azurecr.io",
                "username": "thinkexception"
              }
            ],
            "resource_group_name": "dev-ratemybeer",
            "revision_mode": "Single",
            "secret": [
              {
                "name": "container-registry-admin-password",
                "value": "Nq3Cr2Mfrf4W7wtdV8DEUw+ycV7hUHMs"
              },
              {
                "name": "nservicebus-connectionstring",
                "value": "Endpoint=sb://dev-ratemybeer.servicebus.windows.net/;SharedAccessKeyName=RootManageSharedAccessKey;SharedAccessKey=EVLAajFewXxoikJ3Vn4tUgt+JerQl86hT+ASbLloTlo="
              },
              {
                "name": "ratingsdb-connectionstring",
                "value": "Server=tcp:dev-ratemybeer.database.windows.net,1433;Initial Catalog=ratingsdb;Persist Security Info=False;User ID=superadmin;Password=zj2zXcDznDULh9vBEVSpNAyeg7qCQ8UEY;MultipleActiveResultSets=False;Encrypt=True;TrustServerCertificate=False;Connection Timeout=30;"
              }
            ],
            "tags": {},
            "template": [
              {
                "container": [
                  {
                    "args": [],
                    "command": [],
                    "cpu": 0.25,
                    "env": [
                      {
                        "name": "ASPNETCORE_ENVIRONMENT",
                        "secret_name": "",
                        "value": "Development"
                      },
                      {
                        "name": "Dependencies__NServiceBus__TransportConnectionString",
                        "secret_name": "nservicebus-connectionstring",
                        "value": ""
                      },
                      {
                        "name": "ConnectionStrings__RatingsDbConnectionString",
                        "secret_name": "ratingsdb-connectionstring",
                        "value": ""
                      }
                    ],
                    "ephemeral_storage": "1Gi",
                    "image": "thinkexception.azurecr.io/ratingsapi:dev",
                    "liveness_probe": [],
                    "memory": "0.5Gi",
                    "name": "ratingsapi",
                    "readiness_probe": [],
                    "startup_probe": [],
                    "volume_mounts": []
                  }
                ],
                "max_replicas": 10,
                "min_replicas": 1,
                "revision_suffix": "",
                "volume": []
              }
            ],
            "timeouts": null
          },
          "sensitive_attributes": [
            [
              {
                "type": "get_attr",
                "value": "secret"
              }
            ]
          ],
          "private": "eyJlMmJmYjczMC1lY2FhLTExZTYtOGY4OC0zNDM2M2JjN2M0YzAiOnsiY3JlYXRlIjoxODAwMDAwMDAwMDAwLCJkZWxldGUiOjE4MDAwMDAwMDAwMDAsInJlYWQiOjMwMDAwMDAwMDAwMCwidXBkYXRlIjoxODAwMDAwMDAwMDAwfX0=",
          "dependencies": [
            "azurerm_container_app_environment.ratemybeer",
            "azurerm_resource_group.ratemybeer",
            "azurerm_servicebus_namespace.ratemybeer"
          ]
        }
      ]
    },
    {
      "mode": "managed",
      "type": "azurerm_container_app_environment",
      "name": "ratemybeer",
      "provider": "provider[\"registry.terraform.io/hashicorp/azurerm\"]",
      "instances": [
        {
          "schema_version": 0,
          "attributes": {
            "default_domain": "politeisland-cce2ac05.westeurope.azurecontainerapps.io",
            "docker_bridge_cidr": "",
            "id": "/subscriptions/09c6ad5e-028b-47ab-9c88-b6d6ce497a89/resourceGroups/dev-ratemybeer/providers/Microsoft.App/managedEnvironments/dev-ratemybeer",
            "infrastructure_subnet_id": "",
            "internal_load_balancer_enabled": false,
            "location": "westeurope",
            "log_analytics_workspace_id": "/subscriptions/09c6ad5e-028b-47ab-9c88-b6d6ce497a89/resourceGroups/dev-ratemybeer/providers/Microsoft.OperationalInsights/workspaces/dev-ratemybeer",
            "name": "dev-ratemybeer",
            "platform_reserved_cidr": "",
            "platform_reserved_dns_ip_address": "",
            "resource_group_name": "dev-ratemybeer",
            "static_ip_address": "20.76.11.5",
            "tags": {},
            "timeouts": null
          },
          "sensitive_attributes": [],
          "private": "eyJlMmJmYjczMC1lY2FhLTExZTYtOGY4OC0zNDM2M2JjN2M0YzAiOnsiY3JlYXRlIjoxODAwMDAwMDAwMDAwLCJkZWxldGUiOjE4MDAwMDAwMDAwMDAsInJlYWQiOjMwMDAwMDAwMDAwMCwidXBkYXRlIjoxODAwMDAwMDAwMDAwfX0=",
          "dependencies": [
            "azurerm_log_analytics_workspace.ratemybeer",
            "azurerm_resource_group.ratemybeer"
          ]
        }
      ]
    },
    {
      "mode": "managed",
      "type": "azurerm_log_analytics_workspace",
      "name": "ratemybeer",
      "provider": "provider[\"registry.terraform.io/hashicorp/azurerm\"]",
      "instances": [
        {
          "schema_version": 3,
          "attributes": {
            "allow_resource_only_permissions": true,
            "cmk_for_query_forced": false,
            "daily_quota_gb": -1,
            "id": "/subscriptions/09c6ad5e-028b-47ab-9c88-b6d6ce497a89/resourceGroups/dev-ratemybeer/providers/Microsoft.OperationalInsights/workspaces/dev-ratemybeer",
            "internet_ingestion_enabled": true,
            "internet_query_enabled": true,
            "local_authentication_disabled": false,
            "location": "westeurope",
            "name": "dev-ratemybeer",
            "primary_shared_key": "Jcf+glR5dKJIJlYXCXpiH19UyLo5HgU70DZMHxZl606uQE1jAJMRh3bVmKCG8HO9hHwFH0xCcUXPrAbA9G0vmg==",
            "reservation_capacity_in_gb_per_day": null,
            "resource_group_name": "dev-ratemybeer",
            "retention_in_days": 30,
            "secondary_shared_key": "TrwE3++bJIQr87olewUB4mBYF2yZl7ZUq7wQRy5/fXjx4LI4T5HMdhESE8rPu2wSHjn0vJuwtphmTuZi8amX0A==",
            "sku": "PerGB2018",
            "tags": {},
            "timeouts": null,
            "workspace_id": "d9d80b5a-7c40-4618-bd01-96a3b77ff9fb"
          },
          "sensitive_attributes": [],
          "private": "eyJlMmJmYjczMC1lY2FhLTExZTYtOGY4OC0zNDM2M2JjN2M0YzAiOnsiY3JlYXRlIjoxODAwMDAwMDAwMDAwLCJkZWxldGUiOjE4MDAwMDAwMDAwMDAsInJlYWQiOjMwMDAwMDAwMDAwMCwidXBkYXRlIjoxODAwMDAwMDAwMDAwfSwic2NoZW1hX3ZlcnNpb24iOiIzIn0=",
          "dependencies": [
            "azurerm_resource_group.ratemybeer"
          ]
        }
      ]
    },
    {
      "mode": "managed",
      "type": "azurerm_mssql_database",
      "name": "checkinsdb",
      "provider": "provider[\"registry.terraform.io/hashicorp/azurerm\"]",
      "instances": [
        {
          "schema_version": 1,
          "attributes": {
            "auto_pause_delay_in_minutes": 0,
            "collation": "SQL_Latin1_General_CP1_CI_AS",
            "create_mode": "Default",
            "creation_source_database_id": null,
            "elastic_pool_id": "",
            "geo_backup_enabled": true,
            "id": "/subscriptions/09c6ad5e-028b-47ab-9c88-b6d6ce497a89/resourceGroups/dev-ratemybeer/providers/Microsoft.Sql/servers/dev-ratemybeer/databases/checkinsdb",
            "import": [],
            "ledger_enabled": false,
            "license_type": "LicenseIncluded",
            "long_term_retention_policy": [
              {
                "monthly_retention": "PT0S",
                "week_of_year": 1,
                "weekly_retention": "PT0S",
                "yearly_retention": "PT0S"
              }
            ],
            "maintenance_configuration_name": "SQL_Default",
            "max_size_gb": 1,
            "min_capacity": 0,
            "name": "checkinsdb",
            "read_replica_count": 0,
            "read_scale": false,
            "recover_database_id": null,
            "restore_dropped_database_id": null,
            "restore_point_in_time": null,
            "sample_name": null,
            "server_id": "/subscriptions/09c6ad5e-028b-47ab-9c88-b6d6ce497a89/resourceGroups/dev-ratemybeer/providers/Microsoft.Sql/servers/dev-ratemybeer",
            "short_term_retention_policy": [
              {
                "backup_interval_in_hours": 24,
                "retention_days": 7
              }
            ],
            "sku_name": "Basic",
            "storage_account_type": "Geo",
            "tags": {},
            "threat_detection_policy": [
              {
                "disabled_alerts": [],
                "email_account_admins": "Disabled",
                "email_addresses": [],
                "retention_days": 0,
                "state": "Disabled",
                "storage_account_access_key": "",
                "storage_endpoint": ""
              }
            ],
            "timeouts": null,
            "transparent_data_encryption_enabled": true,
            "zone_redundant": false
          },
          "sensitive_attributes": [],
          "private": "eyJlMmJmYjczMC1lY2FhLTExZTYtOGY4OC0zNDM2M2JjN2M0YzAiOnsiY3JlYXRlIjozNjAwMDAwMDAwMDAwLCJkZWxldGUiOjM2MDAwMDAwMDAwMDAsInJlYWQiOjMwMDAwMDAwMDAwMCwidXBkYXRlIjozNjAwMDAwMDAwMDAwfSwic2NoZW1hX3ZlcnNpb24iOiIxIn0=",
          "dependencies": [
            "azurerm_mssql_server.ratemybeer",
            "azurerm_resource_group.ratemybeer"
          ]
        }
      ]
    },
    {
      "mode": "managed",
      "type": "azurerm_mssql_database",
      "name": "commentsdb",
      "provider": "provider[\"registry.terraform.io/hashicorp/azurerm\"]",
      "instances": [
        {
          "schema_version": 1,
          "attributes": {
            "auto_pause_delay_in_minutes": 0,
            "collation": "SQL_Latin1_General_CP1_CI_AS",
            "create_mode": "Default",
            "creation_source_database_id": null,
            "elastic_pool_id": "",
            "geo_backup_enabled": true,
            "id": "/subscriptions/09c6ad5e-028b-47ab-9c88-b6d6ce497a89/resourceGroups/dev-ratemybeer/providers/Microsoft.Sql/servers/dev-ratemybeer/databases/commentsdb",
            "import": [],
            "ledger_enabled": false,
            "license_type": "LicenseIncluded",
            "long_term_retention_policy": [
              {
                "monthly_retention": "PT0S",
                "week_of_year": 1,
                "weekly_retention": "PT0S",
                "yearly_retention": "PT0S"
              }
            ],
            "maintenance_configuration_name": "SQL_Default",
            "max_size_gb": 1,
            "min_capacity": 0,
            "name": "commentsdb",
            "read_replica_count": 0,
            "read_scale": false,
            "recover_database_id": null,
            "restore_dropped_database_id": null,
            "restore_point_in_time": null,
            "sample_name": null,
            "server_id": "/subscriptions/09c6ad5e-028b-47ab-9c88-b6d6ce497a89/resourceGroups/dev-ratemybeer/providers/Microsoft.Sql/servers/dev-ratemybeer",
            "short_term_retention_policy": [
              {
                "backup_interval_in_hours": 24,
                "retention_days": 7
              }
            ],
            "sku_name": "Basic",
            "storage_account_type": "Geo",
            "tags": {},
            "threat_detection_policy": [
              {
                "disabled_alerts": [],
                "email_account_admins": "Disabled",
                "email_addresses": [],
                "retention_days": 0,
                "state": "Disabled",
                "storage_account_access_key": "",
                "storage_endpoint": ""
              }
            ],
            "timeouts": null,
            "transparent_data_encryption_enabled": true,
            "zone_redundant": false
          },
          "sensitive_attributes": [],
          "private": "eyJlMmJmYjczMC1lY2FhLTExZTYtOGY4OC0zNDM2M2JjN2M0YzAiOnsiY3JlYXRlIjozNjAwMDAwMDAwMDAwLCJkZWxldGUiOjM2MDAwMDAwMDAwMDAsInJlYWQiOjMwMDAwMDAwMDAwMCwidXBkYXRlIjozNjAwMDAwMDAwMDAwfSwic2NoZW1hX3ZlcnNpb24iOiIxIn0=",
          "dependencies": [
            "azurerm_mssql_server.ratemybeer",
            "azurerm_resource_group.ratemybeer"
          ]
        }
      ]
    },
    {
      "mode": "managed",
      "type": "azurerm_mssql_database",
      "name": "ratingsdb",
      "provider": "provider[\"registry.terraform.io/hashicorp/azurerm\"]",
      "instances": [
        {
          "schema_version": 1,
          "attributes": {
            "auto_pause_delay_in_minutes": 0,
            "collation": "SQL_Latin1_General_CP1_CI_AS",
            "create_mode": "Default",
            "creation_source_database_id": null,
            "elastic_pool_id": "",
            "geo_backup_enabled": true,
            "id": "/subscriptions/09c6ad5e-028b-47ab-9c88-b6d6ce497a89/resourceGroups/dev-ratemybeer/providers/Microsoft.Sql/servers/dev-ratemybeer/databases/ratingsdb",
            "import": [],
            "ledger_enabled": false,
            "license_type": "LicenseIncluded",
            "long_term_retention_policy": [
              {
                "monthly_retention": "PT0S",
                "week_of_year": 1,
                "weekly_retention": "PT0S",
                "yearly_retention": "PT0S"
              }
            ],
            "maintenance_configuration_name": "SQL_Default",
            "max_size_gb": 1,
            "min_capacity": 0,
            "name": "ratingsdb",
            "read_replica_count": 0,
            "read_scale": false,
            "recover_database_id": null,
            "restore_dropped_database_id": null,
            "restore_point_in_time": null,
            "sample_name": null,
            "server_id": "/subscriptions/09c6ad5e-028b-47ab-9c88-b6d6ce497a89/resourceGroups/dev-ratemybeer/providers/Microsoft.Sql/servers/dev-ratemybeer",
            "short_term_retention_policy": [
              {
                "backup_interval_in_hours": 24,
                "retention_days": 7
              }
            ],
            "sku_name": "Basic",
            "storage_account_type": "Geo",
            "tags": {},
            "threat_detection_policy": [
              {
                "disabled_alerts": [],
                "email_account_admins": "Disabled",
                "email_addresses": [],
                "retention_days": 0,
                "state": "Disabled",
                "storage_account_access_key": "",
                "storage_endpoint": ""
              }
            ],
            "timeouts": null,
            "transparent_data_encryption_enabled": true,
            "zone_redundant": false
          },
          "sensitive_attributes": [],
          "private": "eyJlMmJmYjczMC1lY2FhLTExZTYtOGY4OC0zNDM2M2JjN2M0YzAiOnsiY3JlYXRlIjozNjAwMDAwMDAwMDAwLCJkZWxldGUiOjM2MDAwMDAwMDAwMDAsInJlYWQiOjMwMDAwMDAwMDAwMCwidXBkYXRlIjozNjAwMDAwMDAwMDAwfSwic2NoZW1hX3ZlcnNpb24iOiIxIn0=",
          "dependencies": [
            "azurerm_mssql_server.ratemybeer",
            "azurerm_resource_group.ratemybeer"
          ]
        }
      ]
    },
    {
      "mode": "managed",
      "type": "azurerm_mssql_server",
      "name": "ratemybeer",
      "provider": "provider[\"registry.terraform.io/hashicorp/azurerm\"]",
      "instances": [
        {
          "schema_version": 0,
          "attributes": {
            "administrator_login": "superadmin",
            "administrator_login_password": "zj2zXcDznDULh9vBEVSpNAyeg7qCQ8UEY",
            "azuread_administrator": [],
            "connection_policy": "Default",
            "fully_qualified_domain_name": "dev-ratemybeer.database.windows.net",
            "id": "/subscriptions/09c6ad5e-028b-47ab-9c88-b6d6ce497a89/resourceGroups/dev-ratemybeer/providers/Microsoft.Sql/servers/dev-ratemybeer",
            "identity": [],
            "location": "westeurope",
            "minimum_tls_version": "1.2",
            "name": "dev-ratemybeer",
            "outbound_network_restriction_enabled": false,
            "primary_user_assigned_identity_id": "",
            "public_network_access_enabled": true,
            "resource_group_name": "dev-ratemybeer",
            "restorable_dropped_database_ids": [],
            "tags": {},
            "timeouts": null,
            "version": "12.0"
          },
          "sensitive_attributes": [],
          "private": "eyJlMmJmYjczMC1lY2FhLTExZTYtOGY4OC0zNDM2M2JjN2M0YzAiOnsiY3JlYXRlIjozNjAwMDAwMDAwMDAwLCJkZWxldGUiOjM2MDAwMDAwMDAwMDAsInJlYWQiOjMwMDAwMDAwMDAwMCwidXBkYXRlIjozNjAwMDAwMDAwMDAwfX0=",
          "dependencies": [
            "azurerm_resource_group.ratemybeer"
          ]
        }
      ]
    },
    {
      "mode": "managed",
      "type": "azurerm_resource_group",
      "name": "ratemybeer",
      "provider": "provider[\"registry.terraform.io/hashicorp/azurerm\"]",
      "instances": [
        {
          "schema_version": 0,
          "attributes": {
            "id": "/subscriptions/09c6ad5e-028b-47ab-9c88-b6d6ce497a89/resourceGroups/dev-ratemybeer",
            "location": "westeurope",
            "name": "dev-ratemybeer",
            "tags": {},
            "timeouts": null
          },
          "sensitive_attributes": [],
          "private": "eyJlMmJmYjczMC1lY2FhLTExZTYtOGY4OC0zNDM2M2JjN2M0YzAiOnsiY3JlYXRlIjo1NDAwMDAwMDAwMDAwLCJkZWxldGUiOjU0MDAwMDAwMDAwMDAsInJlYWQiOjMwMDAwMDAwMDAwMCwidXBkYXRlIjo1NDAwMDAwMDAwMDAwfX0="
        }
      ]
    },
    {
      "mode": "managed",
      "type": "azurerm_servicebus_namespace",
      "name": "ratemybeer",
      "provider": "provider[\"registry.terraform.io/hashicorp/azurerm\"]",
      "instances": [
        {
          "schema_version": 1,
          "attributes": {
            "capacity": 0,
            "customer_managed_key": [],
            "default_primary_connection_string": "Endpoint=sb://dev-ratemybeer.servicebus.windows.net/;SharedAccessKeyName=RootManageSharedAccessKey;SharedAccessKey=EVLAajFewXxoikJ3Vn4tUgt+JerQl86hT+ASbLloTlo=",
            "default_primary_key": "EVLAajFewXxoikJ3Vn4tUgt+JerQl86hT+ASbLloTlo=",
            "default_secondary_connection_string": "Endpoint=sb://dev-ratemybeer.servicebus.windows.net/;SharedAccessKeyName=RootManageSharedAccessKey;SharedAccessKey=BT8qnIH0HxFAAvJO4kySP5x2ew47/KHgo+ASbHP7aj0=",
            "default_secondary_key": "BT8qnIH0HxFAAvJO4kySP5x2ew47/KHgo+ASbHP7aj0=",
            "id": "/subscriptions/09c6ad5e-028b-47ab-9c88-b6d6ce497a89/resourceGroups/dev-ratemybeer/providers/Microsoft.ServiceBus/namespaces/dev-ratemybeer",
            "identity": [],
            "local_auth_enabled": true,
            "location": "westeurope",
            "minimum_tls_version": "1.2",
            "name": "dev-ratemybeer",
            "public_network_access_enabled": true,
            "resource_group_name": "dev-ratemybeer",
            "sku": "Standard",
            "tags": {},
            "timeouts": null,
            "zone_redundant": false
          },
          "sensitive_attributes": [],
          "private": "eyJlMmJmYjczMC1lY2FhLTExZTYtOGY4OC0zNDM2M2JjN2M0YzAiOnsiY3JlYXRlIjoxODAwMDAwMDAwMDAwLCJkZWxldGUiOjE4MDAwMDAwMDAwMDAsInJlYWQiOjMwMDAwMDAwMDAwMCwidXBkYXRlIjoxODAwMDAwMDAwMDAwfSwic2NoZW1hX3ZlcnNpb24iOiIxIn0=",
          "dependencies": [
            "azurerm_resource_group.ratemybeer"
          ]
        }
      ]
    }
  ],
  "check_results": null
}
