{
  "version": 4,
  "terraform_version": "1.3.7",
  "serial": 74,
  "lineage": "cfe416ae-b20e-0ae2-1661-97c2e5cbfb63",
  "outputs": {},
  "resources": [
    {
      "mode": "managed",
      "type": "azurerm_container_app_environment",
      "name": "ratemybeer",
      "provider": "provider[\"registry.terraform.io/hashicorp/azurerm\"]",
      "instances": [
        {
          "schema_version": 0,
          "attributes": {
            "default_domain": "blacksea-15174e41.westeurope.azurecontainerapps.io",
            "docker_bridge_cidr": "",
            "id": "/subscriptions/09c6ad5e-028b-47ab-9c88-b6d6ce497a89/resourceGroups/dev-ratemybeer/providers/Microsoft.App/managedEnvironments/dev-ratemybeer",
            "infrastructure_subnet_id": "",
            "internal_load_balancer_enabled": false,
            "location": "westeurope",
            "log_analytics_workspace_id": "/subscriptions/09c6ad5e-028b-47ab-9c88-b6d6ce497a89/resourceGroups/dev-ratemybeer/providers/Microsoft.OperationalInsights/workspaces/dev-ratemybeer",
            "name": "dev-ratemybeer",
            "platform_reserved_cidr": "",
            "platform_reserved_dns_ip_address": "",
            "resource_group_name": "dev-ratemybeer",
            "static_ip_address": "20.23.186.242",
            "tags": null,
            "timeouts": null
          },
          "sensitive_attributes": [],
          "private": "eyJlMmJmYjczMC1lY2FhLTExZTYtOGY4OC0zNDM2M2JjN2M0YzAiOnsiY3JlYXRlIjoxODAwMDAwMDAwMDAwLCJkZWxldGUiOjE4MDAwMDAwMDAwMDAsInJlYWQiOjMwMDAwMDAwMDAwMCwidXBkYXRlIjoxODAwMDAwMDAwMDAwfX0=",
          "dependencies": [
            "azurerm_log_analytics_workspace.ratemybeer",
            "azurerm_resource_group.ratemybeer"
          ]
        }
      ]
    },
    {
      "mode": "managed",
      "type": "azurerm_log_analytics_workspace",
      "name": "ratemybeer",
      "provider": "provider[\"registry.terraform.io/hashicorp/azurerm\"]",
      "instances": [
        {
          "schema_version": 3,
          "attributes": {
            "allow_resource_only_permissions": true,
            "cmk_for_query_forced": false,
            "daily_quota_gb": -1,
            "id": "/subscriptions/09c6ad5e-028b-47ab-9c88-b6d6ce497a89/resourceGroups/dev-ratemybeer/providers/Microsoft.OperationalInsights/workspaces/dev-ratemybeer",
            "internet_ingestion_enabled": true,
            "internet_query_enabled": true,
            "local_authentication_disabled": false,
            "location": "westeurope",
            "name": "dev-ratemybeer",
            "primary_shared_key": "lP7hqrrzav/t5opnoPUN6mHybNba9s8TKCe2CqUGzkKNNVS/Yb6czRWU8irdFpTNEXjV+JiX9MPTUOaHx1sJGA==",
            "reservation_capacity_in_gb_per_day": null,
            "resource_group_name": "dev-ratemybeer",
            "retention_in_days": 30,
            "secondary_shared_key": "18pOUSfI4hee2osSIcN5ygQRVGOBS/YmN/N6E53x9lMhS3ojaunUWLGjtCHnungXJhIhybL6gIzzQ5hXPIGO5A==",
            "sku": "PerGB2018",
            "tags": null,
            "timeouts": null,
            "workspace_id": "778cd91a-0155-4640-b636-228694dd5f0b"
          },
          "sensitive_attributes": [],
          "private": "eyJlMmJmYjczMC1lY2FhLTExZTYtOGY4OC0zNDM2M2JjN2M0YzAiOnsiY3JlYXRlIjoxODAwMDAwMDAwMDAwLCJkZWxldGUiOjE4MDAwMDAwMDAwMDAsInJlYWQiOjMwMDAwMDAwMDAwMCwidXBkYXRlIjoxODAwMDAwMDAwMDAwfSwic2NoZW1hX3ZlcnNpb24iOiIzIn0=",
          "dependencies": [
            "azurerm_resource_group.ratemybeer"
          ]
        }
      ]
    },
    {
      "mode": "managed",
      "type": "azurerm_mssql_database",
      "name": "checkinsdb",
      "provider": "provider[\"registry.terraform.io/hashicorp/azurerm\"]",
      "instances": []
    },
    {
      "mode": "managed",
      "type": "azurerm_mssql_database",
      "name": "commentsdb",
      "provider": "provider[\"registry.terraform.io/hashicorp/azurerm\"]",
      "instances": []
    },
    {
      "mode": "managed",
      "type": "azurerm_mssql_database",
      "name": "ratingsdb",
      "provider": "provider[\"registry.terraform.io/hashicorp/azurerm\"]",
      "instances": []
    },
    {
      "mode": "managed",
      "type": "azurerm_mssql_server",
      "name": "ratemybeer",
      "provider": "provider[\"registry.terraform.io/hashicorp/azurerm\"]",
      "instances": []
    },
    {
      "mode": "managed",
      "type": "azurerm_resource_group",
      "name": "ratemybeer",
      "provider": "provider[\"registry.terraform.io/hashicorp/azurerm\"]",
      "instances": [
        {
          "schema_version": 0,
          "attributes": {
            "id": "/subscriptions/09c6ad5e-028b-47ab-9c88-b6d6ce497a89/resourceGroups/dev-ratemybeer",
            "location": "westeurope",
            "name": "dev-ratemybeer",
            "tags": null,
            "timeouts": null
          },
          "sensitive_attributes": [],
          "private": "eyJlMmJmYjczMC1lY2FhLTExZTYtOGY4OC0zNDM2M2JjN2M0YzAiOnsiY3JlYXRlIjo1NDAwMDAwMDAwMDAwLCJkZWxldGUiOjU0MDAwMDAwMDAwMDAsInJlYWQiOjMwMDAwMDAwMDAwMCwidXBkYXRlIjo1NDAwMDAwMDAwMDAwfX0="
        }
      ]
    },
    {
      "mode": "managed",
      "type": "azurerm_servicebus_namespace",
      "name": "ratemybeer",
      "provider": "provider[\"registry.terraform.io/hashicorp/azurerm\"]",
      "instances": [
        {
          "schema_version": 1,
          "attributes": {
            "capacity": 0,
            "customer_managed_key": [],
            "default_primary_connection_string": "Endpoint=sb://dev-ratemybeer.servicebus.windows.net/;SharedAccessKeyName=RootManageSharedAccessKey;SharedAccessKey=dKKPpPMWOzpKf8h1+FUysUzJvps5rCbO9+ASbLQ+c18=",
            "default_primary_key": "dKKPpPMWOzpKf8h1+FUysUzJvps5rCbO9+ASbLQ+c18=",
            "default_secondary_connection_string": "Endpoint=sb://dev-ratemybeer.servicebus.windows.net/;SharedAccessKeyName=RootManageSharedAccessKey;SharedAccessKey=S+0MF15vT5bD+z25vtxIBJgXaSyuNwmAz+ASbETJA68=",
            "default_secondary_key": "S+0MF15vT5bD+z25vtxIBJgXaSyuNwmAz+ASbETJA68=",
            "id": "/subscriptions/09c6ad5e-028b-47ab-9c88-b6d6ce497a89/resourceGroups/dev-ratemybeer/providers/Microsoft.ServiceBus/namespaces/dev-ratemybeer",
            "identity": [],
            "local_auth_enabled": true,
            "location": "westeurope",
            "minimum_tls_version": "1.2",
            "name": "dev-ratemybeer",
            "public_network_access_enabled": true,
            "resource_group_name": "dev-ratemybeer",
            "sku": "Standard",
            "tags": null,
            "timeouts": null,
            "zone_redundant": false
          },
          "sensitive_attributes": [],
          "private": "eyJlMmJmYjczMC1lY2FhLTExZTYtOGY4OC0zNDM2M2JjN2M0YzAiOnsiY3JlYXRlIjoxODAwMDAwMDAwMDAwLCJkZWxldGUiOjE4MDAwMDAwMDAwMDAsInJlYWQiOjMwMDAwMDAwMDAwMCwidXBkYXRlIjoxODAwMDAwMDAwMDAwfSwic2NoZW1hX3ZlcnNpb24iOiIxIn0=",
          "dependencies": [
            "azurerm_resource_group.ratemybeer"
          ]
        }
      ]
    }
  ],
  "check_results": null
}
