{"format_version":"1.1","terraform_version":"1.3.7","variables":{"application":{"value":"ratemybeer"},"environment":{"value":"dev"},"spoke_vnet_address_spaces":{"value":["10.1.0.0/22"]}},"planned_values":{"root_module":{"resources":[{"address":"azurerm_resource_group.RateMyBeerRessourceGroup","mode":"managed","type":"azurerm_resource_group","name":"RateMyBeerRessourceGroup","provider_name":"registry.terraform.io/hashicorp/azurerm","schema_version":0,"values":{"location":"westeurope","name":"dev-ratemybeer","tags":null,"timeouts":null},"sensitive_values":{}},{"address":"azurerm_virtual_network.spoke","mode":"managed","type":"azurerm_virtual_network","name":"spoke","provider_name":"registry.terraform.io/hashicorp/azurerm","schema_version":0,"values":{"address_space":["10.1.0.0/22"],"bgp_community":null,"ddos_protection_plan":[],"edge_zone":null,"flow_timeout_in_minutes":null,"location":"westeurope","name":"dev-ratemybeer","resource_group_name":"dev-ratemybeer","tags":null,"timeouts":null},"sensitive_values":{"address_space":[false],"ddos_protection_plan":[],"dns_servers":[],"subnet":[]}}]}},"resource_changes":[{"address":"azurerm_resource_group.RateMyBeerRessourceGroup","mode":"managed","type":"azurerm_resource_group","name":"RateMyBeerRessourceGroup","provider_name":"registry.terraform.io/hashicorp/azurerm","change":{"actions":["create"],"before":null,"after":{"location":"westeurope","name":"dev-ratemybeer","tags":null,"timeouts":null},"after_unknown":{"id":true},"before_sensitive":false,"after_sensitive":{}}},{"address":"azurerm_virtual_network.spoke","mode":"managed","type":"azurerm_virtual_network","name":"spoke","provider_name":"registry.terraform.io/hashicorp/azurerm","change":{"actions":["create"],"before":null,"after":{"address_space":["10.1.0.0/22"],"bgp_community":null,"ddos_protection_plan":[],"edge_zone":null,"flow_timeout_in_minutes":null,"location":"westeurope","name":"dev-ratemybeer","resource_group_name":"dev-ratemybeer","tags":null,"timeouts":null},"after_unknown":{"address_space":[false],"ddos_protection_plan":[],"dns_servers":true,"guid":true,"id":true,"subnet":true},"before_sensitive":false,"after_sensitive":{"address_space":[false],"ddos_protection_plan":[],"dns_servers":[],"subnet":[]}}}],"configuration":{"provider_config":{"azurerm":{"name":"azurerm","full_name":"registry.terraform.io/hashicorp/azurerm","version_constraint":"\u003e= 2.26.0","expressions":{"features":[{}]}},"helm":{"name":"helm","full_name":"registry.terraform.io/hashicorp/helm","version_constraint":"\u003e= 2.2.0"},"kubectl":{"name":"kubectl","full_name":"registry.terraform.io/gavinbunney/kubectl","version_constraint":"\u003e= 1.7.0"}},"root_module":{"resources":[{"address":"azurerm_resource_group.RateMyBeerRessourceGroup","mode":"managed","type":"azurerm_resource_group","name":"RateMyBeerRessourceGroup","provider_config_key":"azurerm","expressions":{"location":{"constant_value":"westeurope"},"name":{"references":["var.environment","var.application"]}},"schema_version":0},{"address":"azurerm_virtual_network.spoke","mode":"managed","type":"azurerm_virtual_network","name":"spoke","provider_config_key":"azurerm","expressions":{"address_space":{"references":["var.spoke_vnet_address_spaces"]},"location":{"references":["azurerm_resource_group.RateMyBeerRessourceGroup.location","azurerm_resource_group.RateMyBeerRessourceGroup"]},"name":{"references":["var.environment","var.application"]},"resource_group_name":{"references":["azurerm_resource_group.RateMyBeerRessourceGroup.name","azurerm_resource_group.RateMyBeerRessourceGroup"]}},"schema_version":0}],"variables":{"application":{"default":"ratemybeer"},"environment":{},"spoke_vnet_address_spaces":{}}}},"relevant_attributes":[{"resource":"azurerm_resource_group.RateMyBeerRessourceGroup","attribute":["name"]},{"resource":"azurerm_resource_group.RateMyBeerRessourceGroup","attribute":["location"]}]}
